// !$*UTF8*$!
{
	archiveVersion = 1;
	classes = {
	};
	objectVersion = 46;
	objects = {

/* Begin PBXBuildFile section */
		28FFF40616166F560098240C /* MainStoryboard_iPhone.storyboard in Resources */ = {isa = PBXBuildFile; fileRef = 28FFF40416166F560098240C /* MainStoryboard_iPhone.storyboard */; };
		28FFF4091616722D0098240C /* MainStoryboard_iPad.storyboard in Resources */ = {isa = PBXBuildFile; fileRef = 28FFF4071616722D0098240C /* MainStoryboard_iPad.storyboard */; };
		EF0C669D15B7878600E3E300 /* MobileCoreServices.framework in Frameworks */ = {isa = PBXBuildFile; fileRef = EF0C669C15B7878600E3E300 /* MobileCoreServices.framework */; };
		EF17CF4215B8803700F5EE5F /* CoreMedia.framework in Frameworks */ = {isa = PBXBuildFile; fileRef = EF17CF4115B8803700F5EE5F /* CoreMedia.framework */; };
		EFC17F2015B782E6006283D9 /* APLViewController.m in Sources */ = {isa = PBXBuildFile; fileRef = EFC17F1F15B782E6006283D9 /* APLViewController.m */; };
		F4168995155AF183007B7BB3 /* QuartzCore.framework in Frameworks */ = {isa = PBXBuildFile; fileRef = F4168994155AF183007B7BB3 /* QuartzCore.framework */; };
		F41689CA155B0D5A007B7BB3 /* AVFoundation.framework in Frameworks */ = {isa = PBXBuildFile; fileRef = F41689C9155B0D5A007B7BB3 /* AVFoundation.framework */; };
		F4A20610160BE29A00614051 /* Default-568h@2x.png in Resources */ = {isa = PBXBuildFile; fileRef = F4A2060D160BE29A00614051 /* Default-568h@2x.png */; };
		F4A20611160BE29A00614051 /* Default.png in Resources */ = {isa = PBXBuildFile; fileRef = F4A2060E160BE29A00614051 /* Default.png */; };
		F4A20612160BE29A00614051 /* Default@2x.png in Resources */ = {isa = PBXBuildFile; fileRef = F4A2060F160BE29A00614051 /* Default@2x.png */; };
		F4B33C60155700A0002DB003 /* UIKit.framework in Frameworks */ = {isa = PBXBuildFile; fileRef = F4B33C5F155700A0002DB003 /* UIKit.framework */; };
		F4B33C62155700A0002DB003 /* Foundation.framework in Frameworks */ = {isa = PBXBuildFile; fileRef = F4B33C61155700A0002DB003 /* Foundation.framework */; };
		F4B33C64155700A0002DB003 /* CoreGraphics.framework in Frameworks */ = {isa = PBXBuildFile; fileRef = F4B33C63155700A0002DB003 /* CoreGraphics.framework */; };
		F4B33C6A155700A1002DB003 /* InfoPlist.strings in Resources */ = {isa = PBXBuildFile; fileRef = F4B33C68155700A1002DB003 /* InfoPlist.strings */; };
		F4B33C6C155700A1002DB003 /* main.m in Sources */ = {isa = PBXBuildFile; fileRef = F4B33C6B155700A1002DB003 /* main.m */; };
		F4B33C70155700A1002DB003 /* APLAppDelegate.m in Sources */ = {isa = PBXBuildFile; fileRef = F4B33C6F155700A1002DB003 /* APLAppDelegate.m */; };
		F4DFE4EF16166A30008B206F /* loupe.png in Resources */ = {isa = PBXBuildFile; fileRef = F4DCD97615754D0B002702F9 /* loupe.png */; };
		F4DFE4F016166A30008B206F /* loupe@2x.png in Resources */ = {isa = PBXBuildFile; fileRef = EF3F13BF15B9DB4C0092091D /* loupe@2x.png */; };
		F4DFE4F116166A30008B206F /* loupe@2x~ipad.png in Resources */ = {isa = PBXBuildFile; fileRef = F472ECE41616541700428475 /* loupe@2x~ipad.png */; };
		F4DFE4F216166A30008B206F /* loupe~ipad.png in Resources */ = {isa = PBXBuildFile; fileRef = F472ECE51616541700428475 /* loupe~ipad.png */; };
/* End PBXBuildFile section */

/* Begin PBXFileReference section */
		28FFF40516166F560098240C /* en */ = {isa = PBXFileReference; lastKnownFileType = file.storyboard; name = en; path = en.lproj/MainStoryboard_iPhone.storyboard; sourceTree = "<group>"; };
		28FFF4081616722D0098240C /* en */ = {isa = PBXFileReference; lastKnownFileType = file.storyboard; name = en; path = AVLoupe/en.lproj/MainStoryboard_iPad.storyboard; sourceTree = "<group>"; };
		EF0C669C15B7878600E3E300 /* MobileCoreServices.framework */ = {isa = PBXFileReference; lastKnownFileType = wrapper.framework; name = MobileCoreServices.framework; path = System/Library/Frameworks/MobileCoreServices.framework; sourceTree = SDKROOT; };
		EF17CF4115B8803700F5EE5F /* CoreMedia.framework */ = {isa = PBXFileReference; lastKnownFileType = wrapper.framework; name = CoreMedia.framework; path = System/Library/Frameworks/CoreMedia.framework; sourceTree = SDKROOT; };
		EF3F13BF15B9DB4C0092091D /* loupe@2x.png */ = {isa = PBXFileReference; lastKnownFileType = image.png; path = "loupe@2x.png"; sourceTree = "<group>"; };
		EFC17F1E15B782E6006283D9 /* APLViewController.h */ = {isa = PBXFileReference; fileEncoding = 4; lastKnownFileType = sourcecode.c.h; path = APLViewController.h; sourceTree = "<group>"; };
		EFC17F1F15B782E6006283D9 /* APLViewController.m */ = {isa = PBXFileReference; fileEncoding = 4; lastKnownFileType = sourcecode.c.objc; path = APLViewController.m; sourceTree = "<group>"; };
		F4168994155AF183007B7BB3 /* QuartzCore.framework */ = {isa = PBXFileReference; lastKnownFileType = wrapper.framework; name = QuartzCore.framework; path = System/Library/Frameworks/QuartzCore.framework; sourceTree = SDKROOT; };
		F41689C9155B0D5A007B7BB3 /* AVFoundation.framework */ = {isa = PBXFileReference; lastKnownFileType = wrapper.framework; name = AVFoundation.framework; path = System/Library/Frameworks/AVFoundation.framework; sourceTree = SDKROOT; };
		F472ECE41616541700428475 /* loupe@2x~ipad.png */ = {isa = PBXFileReference; lastKnownFileType = image.png; path = "loupe@2x~ipad.png"; sourceTree = "<group>"; };
		F472ECE51616541700428475 /* loupe~ipad.png */ = {isa = PBXFileReference; lastKnownFileType = image.png; path = "loupe~ipad.png"; sourceTree = "<group>"; };
		F4A2060D160BE29A00614051 /* Default-568h@2x.png */ = {isa = PBXFileReference; lastKnownFileType = image.png; path = "Default-568h@2x.png"; sourceTree = "<group>"; };
		F4A2060E160BE29A00614051 /* Default.png */ = {isa = PBXFileReference; lastKnownFileType = image.png; path = Default.png; sourceTree = "<group>"; };
		F4A2060F160BE29A00614051 /* Default@2x.png */ = {isa = PBXFileReference; lastKnownFileType = image.png; path = "Default@2x.png"; sourceTree = "<group>"; };
		F4B33C5B155700A0002DB003 /* AVLoupe.app */ = {isa = PBXFileReference; explicitFileType = wrapper.application; includeInIndex = 0; path = AVLoupe.app; sourceTree = BUILT_PRODUCTS_DIR; };
		F4B33C5F155700A0002DB003 /* UIKit.framework */ = {isa = PBXFileReference; lastKnownFileType = wrapper.framework; name = UIKit.framework; path = System/Library/Frameworks/UIKit.framework; sourceTree = SDKROOT; };
		F4B33C61155700A0002DB003 /* Foundation.framework */ = {isa = PBXFileReference; lastKnownFileType = wrapper.framework; name = Foundation.framework; path = System/Library/Frameworks/Foundation.framework; sourceTree = SDKROOT; };
		F4B33C63155700A0002DB003 /* CoreGraphics.framework */ = {isa = PBXFileReference; lastKnownFileType = wrapper.framework; name = CoreGraphics.framework; path = System/Library/Frameworks/CoreGraphics.framework; sourceTree = SDKROOT; };
		F4B33C67155700A1002DB003 /* AVLoupe-Info.plist */ = {isa = PBXFileReference; lastKnownFileType = text.plist.xml; path = "AVLoupe-Info.plist"; sourceTree = "<group>"; };
		F4B33C69155700A1002DB003 /* en */ = {isa = PBXFileReference; lastKnownFileType = text.plist.strings; name = en; path = en.lproj/InfoPlist.strings; sourceTree = "<group>"; };
		F4B33C6B155700A1002DB003 /* main.m */ = {isa = PBXFileReference; lastKnownFileType = sourcecode.c.objc; path = main.m; sourceTree = "<group>"; };
		F4B33C6D155700A1002DB003 /* AVLoupe-Prefix.pch */ = {isa = PBXFileReference; lastKnownFileType = sourcecode.c.h; path = "AVLoupe-Prefix.pch"; sourceTree = "<group>"; };
		F4B33C6E155700A1002DB003 /* APLAppDelegate.h */ = {isa = PBXFileReference; lastKnownFileType = sourcecode.c.h; path = APLAppDelegate.h; sourceTree = "<group>"; };
		F4B33C6F155700A1002DB003 /* APLAppDelegate.m */ = {isa = PBXFileReference; lastKnownFileType = sourcecode.c.objc; path = APLAppDelegate.m; sourceTree = "<group>"; };
		F4DCD97615754D0B002702F9 /* loupe.png */ = {isa = PBXFileReference; lastKnownFileType = image.png; path = loupe.png; sourceTree = "<group>"; };
/* End PBXFileReference section */

/* Begin PBXFrameworksBuildPhase section */
		F4B33C58155700A0002DB003 /* Frameworks */ = {
			isa = PBXFrameworksBuildPhase;
			buildActionMask = 2147483647;
			files = (
				EF17CF4215B8803700F5EE5F /* CoreMedia.framework in Frameworks */,
				EF0C669D15B7878600E3E300 /* MobileCoreServices.framework in Frameworks */,
				F41689CA155B0D5A007B7BB3 /* AVFoundation.framework in Frameworks */,
				F4168995155AF183007B7BB3 /* QuartzCore.framework in Frameworks */,
				F4B33C60155700A0002DB003 /* UIKit.framework in Frameworks */,
				F4B33C62155700A0002DB003 /* Foundation.framework in Frameworks */,
				F4B33C64155700A0002DB003 /* CoreGraphics.framework in Frameworks */,
			);
			runOnlyForDeploymentPostprocessing = 0;
		};
/* End PBXFrameworksBuildPhase section */

/* Begin PBXGroup section */
		F4B33C50155700A0002DB003 = {
			isa = PBXGroup;
			children = (
				F4B33C65155700A0002DB003 /* AVLoupe */,
				F4B33C5E155700A0002DB003 /* Frameworks */,
				F4B33C5C155700A0002DB003 /* Products */,
			);
			sourceTree = "<group>";
		};
		F4B33C5C155700A0002DB003 /* Products */ = {
			isa = PBXGroup;
			children = (
				F4B33C5B155700A0002DB003 /* AVLoupe.app */,
			);
			name = Products;
			sourceTree = "<group>";
		};
		F4B33C5E155700A0002DB003 /* Frameworks */ = {
			isa = PBXGroup;
			children = (
				EF17CF4115B8803700F5EE5F /* CoreMedia.framework */,
				EF0C669C15B7878600E3E300 /* MobileCoreServices.framework */,
				F41689C9155B0D5A007B7BB3 /* AVFoundation.framework */,
				F4168994155AF183007B7BB3 /* QuartzCore.framework */,
				F4B33C5F155700A0002DB003 /* UIKit.framework */,
				F4B33C61155700A0002DB003 /* Foundation.framework */,
				F4B33C63155700A0002DB003 /* CoreGraphics.framework */,
			);
			name = Frameworks;
			sourceTree = "<group>";
		};
		F4B33C65155700A0002DB003 /* AVLoupe */ = {
			isa = PBXGroup;
			children = (
				F4B33C6E155700A1002DB003 /* APLAppDelegate.h */,
				F4B33C6F155700A1002DB003 /* APLAppDelegate.m */,
				EFC17F1E15B782E6006283D9 /* APLViewController.h */,
				EFC17F1F15B782E6006283D9 /* APLViewController.m */,
				F4B33C66155700A1002DB003 /* Supporting Files */,
			);
			path = AVLoupe;
			sourceTree = "<group>";
		};
		F4B33C66155700A1002DB003 /* Supporting Files */ = {
			isa = PBXGroup;
			children = (
				28FFF40416166F560098240C /* MainStoryboard_iPhone.storyboard */,
				28FFF4071616722D0098240C /* MainStoryboard_iPad.storyboard */,
				F4DCD97615754D0B002702F9 /* loupe.png */,
				EF3F13BF15B9DB4C0092091D /* loupe@2x.png */,
				F472ECE41616541700428475 /* loupe@2x~ipad.png */,
				F472ECE51616541700428475 /* loupe~ipad.png */,
				F4A2060D160BE29A00614051 /* Default-568h@2x.png */,
				F4A2060E160BE29A00614051 /* Default.png */,
				F4A2060F160BE29A00614051 /* Default@2x.png */,
				F4B33C67155700A1002DB003 /* AVLoupe-Info.plist */,
				F4B33C68155700A1002DB003 /* InfoPlist.strings */,
				F4B33C6B155700A1002DB003 /* main.m */,
				F4B33C6D155700A1002DB003 /* AVLoupe-Prefix.pch */,
			);
			name = "Supporting Files";
			sourceTree = "<group>";
		};
/* End PBXGroup section */

/* Begin PBXNativeTarget section */
		F4B33C5A155700A0002DB003 /* AVLoupe */ = {
			isa = PBXNativeTarget;
			buildConfigurationList = F4B33C7B155700A1002DB003 /* Build configuration list for PBXNativeTarget "AVLoupe" */;
			buildPhases = (
				F4B33C57155700A0002DB003 /* Sources */,
				F4B33C58155700A0002DB003 /* Frameworks */,
				F4B33C59155700A0002DB003 /* Resources */,
			);
			buildRules = (
			);
			dependencies = (
			);
			name = AVLoupe;
			productName = AVLoupe;
			productReference = F4B33C5B155700A0002DB003 /* AVLoupe.app */;
			productType = "com.apple.product-type.application";
		};
/* End PBXNativeTarget section */

/* Begin PBXProject section */
		F4B33C52155700A0002DB003 /* Project object */ = {
			isa = PBXProject;
			attributes = {
				LastUpgradeCheck = 0450;
				ORGANIZATIONNAME = "";
			};
			buildConfigurationList = F4B33C55155700A0002DB003 /* Build configuration list for PBXProject "AVLoupe" */;
			compatibilityVersion = "Xcode 3.2";
			developmentRegion = English;
			hasScannedForEncodings = 0;
			knownRegions = (
				en,
			);
			mainGroup = F4B33C50155700A0002DB003;
			productRefGroup = F4B33C5C155700A0002DB003 /* Products */;
			projectDirPath = "";
			projectRoot = "";
			targets = (
				F4B33C5A155700A0002DB003 /* AVLoupe */,
			);
		};
/* End PBXProject section */

/* Begin PBXResourcesBuildPhase section */
		F4B33C59155700A0002DB003 /* Resources */ = {
			isa = PBXResourcesBuildPhase;
			buildActionMask = 2147483647;
			files = (
				F4B33C6A155700A1002DB003 /* InfoPlist.strings in Resources */,
				F4A20611160BE29A00614051 /* Default.png in Resources */,
				F4A20612160BE29A00614051 /* Default@2x.png in Resources */,
				F4A20610160BE29A00614051 /* Default-568h@2x.png in Resources */,
				F4DFE4EF16166A30008B206F /* loupe.png in Resources */,
				F4DFE4F216166A30008B206F /* loupe~ipad.png in Resources */,
				F4DFE4F016166A30008B206F /* loupe@2x.png in Resources */,
				F4DFE4F116166A30008B206F /* loupe@2x~ipad.png in Resources */,
				28FFF40616166F560098240C /* MainStoryboard_iPhone.storyboard in Resources */,
				28FFF4091616722D0098240C /* MainStoryboard_iPad.storyboard in Resources */,
			);
			runOnlyForDeploymentPostprocessing = 0;
		};
/* End PBXResourcesBuildPhase section */

/* Begin PBXSourcesBuildPhase section */
		F4B33C57155700A0002DB003 /* Sources */ = {
			isa = PBXSourcesBuildPhase;
			buildActionMask = 2147483647;
			files = (
				F4B33C6C155700A1002DB003 /* main.m in Sources */,
				F4B33C70155700A1002DB003 /* APLAppDelegate.m in Sources */,
				EFC17F2015B782E6006283D9 /* APLViewController.m in Sources */,
			);
			runOnlyForDeploymentPostprocessing = 0;
		};
/* End PBXSourcesBuildPhase section */

/* Begin PBXVariantGroup section */
		28FFF40416166F560098240C /* MainStoryboard_iPhone.storyboard */ = {
			isa = PBXVariantGroup;
			children = (
				28FFF40516166F560098240C /* en */,
			);
			name = MainStoryboard_iPhone.storyboard;
			sourceTree = "<group>";
		};
		28FFF4071616722D0098240C /* MainStoryboard_iPad.storyboard */ = {
			isa = PBXVariantGroup;
			children = (
				28FFF4081616722D0098240C /* en */,
			);
			name = MainStoryboard_iPad.storyboard;
			path = ..;
			sourceTree = "<group>";
		};
		F4B33C68155700A1002DB003 /* InfoPlist.strings */ = {
			isa = PBXVariantGroup;
			children = (
				F4B33C69155700A1002DB003 /* en */,
			);
			name = InfoPlist.strings;
			sourceTree = "<group>";
		};
/* End PBXVariantGroup section */

/* Begin XCBuildConfiguration section */
		F4B33C79155700A1002DB003 /* Debug */ = {
			isa = XCBuildConfiguration;
			buildSettings = {
				ALWAYS_SEARCH_USER_PATHS = NO;
				CLANG_ENABLE_OBJC_ARC = YES;
				CLANG_WARN__DUPLICATE_METHOD_MATCH = YES;
				COPY_PHASE_STRIP = NO;
				GCC_C_LANGUAGE_STANDARD = gnu99;
				GCC_DYNAMIC_NO_PIC = NO;
				GCC_OPTIMIZATION_LEVEL = 0;
				GCC_PREPROCESSOR_DEFINITIONS = (
					"DEBUG=1",
					"$(inherited)",
				);
				GCC_SYMBOLS_PRIVATE_EXTERN = NO;
				GCC_VERSION = com.apple.compilers.llvm.clang.1_0;
				GCC_WARN_ABOUT_RETURN_TYPE = YES;
				GCC_WARN_UNINITIALIZED_AUTOS = YES;
				GCC_WARN_UNUSED_VARIABLE = YES;
				SDKROOT = iphoneos;
				TARGETED_DEVICE_FAMILY = "1,2";
			};
			name = Debug;
		};
		F4B33C7A155700A1002DB003 /* Release */ = {
			isa = XCBuildConfiguration;
			buildSettings = {
				ALWAYS_SEARCH_USER_PATHS = NO;
				CLANG_ENABLE_OBJC_ARC = YES;
				CLANG_WARN__DUPLICATE_METHOD_MATCH = YES;
				COPY_PHASE_STRIP = YES;
				GCC_C_LANGUAGE_STANDARD = gnu99;
				GCC_VERSION = com.apple.compilers.llvm.clang.1_0;
				GCC_WARN_ABOUT_RETURN_TYPE = YES;
				GCC_WARN_UNINITIALIZED_AUTOS = YES;
				GCC_WARN_UNUSED_VARIABLE = YES;
				OTHER_CFLAGS = "-DNS_BLOCK_ASSERTIONS=1";
				SDKROOT = iphoneos;
				TARGETED_DEVICE_FAMILY = "1,2";
				VALIDATE_PRODUCT = YES;
			};
			name = Release;
		};
		F4B33C7C155700A1002DB003 /* Debug */ = {
			isa = XCBuildConfiguration;
			buildSettings = {
				CLANG_ENABLE_OBJC_ARC = YES;
				CODE_SIGN_IDENTITY = "iPhone Developer";
				GCC_PRECOMPILE_PREFIX_HEADER = YES;
				GCC_PREFIX_HEADER = "AVLoupe/AVLoupe-Prefix.pch";
				GCC_WARN_ABOUT_MISSING_FIELD_INITIALIZERS = YES;
				GCC_WARN_INITIALIZER_NOT_FULLY_BRACKETED = YES;
				GCC_WARN_SHADOW = YES;
				GCC_WARN_SIGN_COMPARE = YES;
				GCC_WARN_UNDECLARED_SELECTOR = YES;
				GCC_WARN_UNUSED_FUNCTION = YES;
				GCC_WARN_UNUSED_LABEL = YES;
				INFOPLIST_FILE = "AVLoupe/AVLoupe-Info.plist";
				PRODUCT_NAME = "$(TARGET_NAME)";
				PROVISIONING_PROFILE = "";
				RUN_CLANG_STATIC_ANALYZER = YES;
				TARGETED_DEVICE_FAMILY = "1,2";
				WRAPPER_EXTENSION = app;
			};
			name = Debug;
		};
		F4B33C7D155700A1002DB003 /* Release */ = {
			isa = XCBuildConfiguration;
			buildSettings = {
				CLANG_ENABLE_OBJC_ARC = YES;
				CODE_SIGN_IDENTITY = "iPhone Developer";
				GCC_PRECOMPILE_PREFIX_HEADER = YES;
				GCC_PREFIX_HEADER = "AVLoupe/AVLoupe-Prefix.pch";
				GCC_WARN_ABOUT_MISSING_FIELD_INITIALIZERS = YES;
				GCC_WARN_INITIALIZER_NOT_FULLY_BRACKETED = YES;
				GCC_WARN_SHADOW = YES;
				GCC_WARN_SIGN_COMPARE = YES;
				GCC_WARN_UNDECLARED_SELECTOR = YES;
				GCC_WARN_UNUSED_FUNCTION = YES;
				GCC_WARN_UNUSED_LABEL = YES;
				INFOPLIST_FILE = "AVLoupe/AVLoupe-Info.plist";
				PRODUCT_NAME = "$(TARGET_NAME)";
				PROVISIONING_PROFILE = "";
				RUN_CLANG_STATIC_ANALYZER = YES;
				TARGETED_DEVICE_FAMILY = "1,2";
				WRAPPER_EXTENSION = app;
			};
			name = Release;
		};
/* End XCBuildConfiguration section */

/* Begin XCConfigurationList section */
		F4B33C55155700A0002DB003 /* Build configuration list for PBXProject "AVLoupe" */ = {
			isa = XCConfigurationList;
			buildConfigurations = (
				F4B33C79155700A1002DB003 /* Debug */,
				F4B33C7A155700A1002DB003 /* Release */,
			);
			defaultConfigurationIsVisible = 0;
			defaultConfigurationName = Release;
		};
		F4B33C7B155700A1002DB003 /* Build configuration list for PBXNativeTarget "AVLoupe" */ = {
			isa = XCConfigurationList;
			buildConfigurations = (
				F4B33C7C155700A1002DB003 /* Debug */,
				F4B33C7D155700A1002DB003 /* Release */,
			);
			defaultConfigurationIsVisible = 0;
			defaultConfigurationName = Release;
		};
/* End XCConfigurationList section */
	};
	rootObject = F4B33C52155700A0002DB003 /* Project object */;
}
