// !$*UTF8*$!
{
	archiveVersion = 1;
	classes = {
	};
	objectVersion = 46;
	objects = {

/* Begin PBXBuildFile section */
		CBA9F15312F76264005BB61E /* UIKit.framework in Frameworks */ = {isa = PBXBuildFile; fileRef = CBA9F15212F76264005BB61E /* UIKit.framework */; };
		CBA9F15512F76264005BB61E /* Foundation.framework in Frameworks */ = {isa = PBXBuildFile; fileRef = CBA9F15412F76264005BB61E /* Foundation.framework */; };
		CBA9F15712F76264005BB61E /* CoreGraphics.framework in Frameworks */ = {isa = PBXBuildFile; fileRef = CBA9F15612F76264005BB61E /* CoreGraphics.framework */; };
		CBA9F15D12F76264005BB61E /* InfoPlist.strings in Resources */ = {isa = PBXBuildFile; fileRef = CBA9F15B12F76264005BB61E /* InfoPlist.strings */; };
		CBA9F16012F76264005BB61E /* main.m in Sources */ = {isa = PBXBuildFile; fileRef = CBA9F15F12F76264005BB61E /* main.m */; };
		CBA9F16312F76264005BB61E /* RegionsAppDelegate.m in Sources */ = {isa = PBXBuildFile; fileRef = CBA9F16212F76264005BB61E /* RegionsAppDelegate.m */; };
		CBA9F16612F76264005BB61E /* MainWindow.xib in Resources */ = {isa = PBXBuildFile; fileRef = CBA9F16412F76264005BB61E /* MainWindow.xib */; };
		CBA9F16912F76264005BB61E /* RegionsViewController.m in Sources */ = {isa = PBXBuildFile; fileRef = CBA9F16812F76264005BB61E /* RegionsViewController.m */; };
		CBA9F16C12F76264005BB61E /* RegionsViewController.xib in Resources */ = {isa = PBXBuildFile; fileRef = CBA9F16A12F76264005BB61E /* RegionsViewController.xib */; };
		CBA9F17312F7628B005BB61E /* CoreLocation.framework in Frameworks */ = {isa = PBXBuildFile; fileRef = CBA9F17212F7628B005BB61E /* CoreLocation.framework */; };
		CBA9F17512F76292005BB61E /* MapKit.framework in Frameworks */ = {isa = PBXBuildFile; fileRef = CBA9F17412F76292005BB61E /* MapKit.framework */; };
		CBA9F17D12F763D8005BB61E /* RegionAnnotation.m in Sources */ = {isa = PBXBuildFile; fileRef = CBA9F17A12F763D8005BB61E /* RegionAnnotation.m */; };
		CBA9F17E12F763D8005BB61E /* RegionAnnotationView.m in Sources */ = {isa = PBXBuildFile; fileRef = CBA9F17C12F763D8005BB61E /* RegionAnnotationView.m */; };
		CBBE14EB12F914B70065507D /* Default.png in Resources */ = {isa = PBXBuildFile; fileRef = CBBE14E112F914B70065507D /* Default.png */; };
		CBBE14EC12F914B70065507D /* Icon-72.png in Resources */ = {isa = PBXBuildFile; fileRef = CBBE14E212F914B70065507D /* Icon-72.png */; };
		CBBE14ED12F914B70065507D /* Icon-Small-50.png in Resources */ = {isa = PBXBuildFile; fileRef = CBBE14E312F914B70065507D /* Icon-Small-50.png */; };
		CBBE14EE12F914B70065507D /* Icon-Small.png in Resources */ = {isa = PBXBuildFile; fileRef = CBBE14E412F914B70065507D /* Icon-Small.png */; };
		CBBE14EF12F914B70065507D /* Icon-Small@2x.png in Resources */ = {isa = PBXBuildFile; fileRef = CBBE14E512F914B70065507D /* Icon-Small@2x.png */; };
		CBBE14F012F914B70065507D /* Icon.png in Resources */ = {isa = PBXBuildFile; fileRef = CBBE14E612F914B70065507D /* Icon.png */; };
		CBBE14F112F914B70065507D /* Icon@2x.png in Resources */ = {isa = PBXBuildFile; fileRef = CBBE14E712F914B70065507D /* Icon@2x.png */; };
		CBBE14F212F914B70065507D /* iTunesArtwork in Resources */ = {isa = PBXBuildFile; fileRef = CBBE14E812F914B70065507D /* iTunesArtwork */; };
		CBBE14F312F914B70065507D /* RemoveRegion.png in Resources */ = {isa = PBXBuildFile; fileRef = CBBE14E912F914B70065507D /* RemoveRegion.png */; };
		CBBE14F412F914B70065507D /* RemoveRegion@2x.png in Resources */ = {isa = PBXBuildFile; fileRef = CBBE14EA12F914B70065507D /* RemoveRegion@2x.png */; };
		CBBE14F812F916EC0065507D /* Default@2x.png in Resources */ = {isa = PBXBuildFile; fileRef = CBBE14F712F916EC0065507D /* Default@2x.png */; };
		CBBF867312FB498900508BCE /* ReadMe.txt in Resources */ = {isa = PBXBuildFile; fileRef = CBBF867212FB498900508BCE /* ReadMe.txt */; };
/* End PBXBuildFile section */

/* Begin PBXFileReference section */
		CBA9F14E12F76264005BB61E /* Regions.app */ = {isa = PBXFileReference; explicitFileType = wrapper.application; includeInIndex = 0; path = Regions.app; sourceTree = BUILT_PRODUCTS_DIR; };
		CBA9F15212F76264005BB61E /* UIKit.framework */ = {isa = PBXFileReference; lastKnownFileType = wrapper.framework; name = UIKit.framework; path = System/Library/Frameworks/UIKit.framework; sourceTree = SDKROOT; };
		CBA9F15412F76264005BB61E /* Foundation.framework */ = {isa = PBXFileReference; lastKnownFileType = wrapper.framework; name = Foundation.framework; path = System/Library/Frameworks/Foundation.framework; sourceTree = SDKROOT; };
		CBA9F15612F76264005BB61E /* CoreGraphics.framework */ = {isa = PBXFileReference; lastKnownFileType = wrapper.framework; name = CoreGraphics.framework; path = System/Library/Frameworks/CoreGraphics.framework; sourceTree = SDKROOT; };
		CBA9F15A12F76264005BB61E /* Regions-Info.plist */ = {isa = PBXFileReference; lastKnownFileType = text.plist.xml; path = "Regions-Info.plist"; sourceTree = "<group>"; };
		CBA9F15C12F76264005BB61E /* en */ = {isa = PBXFileReference; lastKnownFileType = text.plist.strings; name = en; path = en.lproj/InfoPlist.strings; sourceTree = "<group>"; };
		CBA9F15E12F76264005BB61E /* Regions-Prefix.pch */ = {isa = PBXFileReference; lastKnownFileType = sourcecode.c.h; path = "Regions-Prefix.pch"; sourceTree = "<group>"; };
		CBA9F15F12F76264005BB61E /* main.m */ = {isa = PBXFileReference; lastKnownFileType = sourcecode.c.objc; path = main.m; sourceTree = "<group>"; };
		CBA9F16112F76264005BB61E /* RegionsAppDelegate.h */ = {isa = PBXFileReference; lastKnownFileType = sourcecode.c.h; path = RegionsAppDelegate.h; sourceTree = "<group>"; };
		CBA9F16212F76264005BB61E /* RegionsAppDelegate.m */ = {isa = PBXFileReference; lastKnownFileType = sourcecode.c.objc; path = RegionsAppDelegate.m; sourceTree = "<group>"; };
		CBA9F16512F76264005BB61E /* en */ = {isa = PBXFileReference; lastKnownFileType = file.xib; name = en; path = en.lproj/MainWindow.xib; sourceTree = "<group>"; };
		CBA9F16712F76264005BB61E /* RegionsViewController.h */ = {isa = PBXFileReference; lastKnownFileType = sourcecode.c.h; path = RegionsViewController.h; sourceTree = "<group>"; };
		CBA9F16812F76264005BB61E /* RegionsViewController.m */ = {isa = PBXFileReference; lastKnownFileType = sourcecode.c.objc; path = RegionsViewController.m; sourceTree = "<group>"; };
		CBA9F16B12F76264005BB61E /* en */ = {isa = PBXFileReference; lastKnownFileType = file.xib; name = en; path = en.lproj/RegionsViewController.xib; sourceTree = "<group>"; };
		CBA9F17212F7628B005BB61E /* CoreLocation.framework */ = {isa = PBXFileReference; lastKnownFileType = wrapper.framework; name = CoreLocation.framework; path = System/Library/Frameworks/CoreLocation.framework; sourceTree = SDKROOT; };
		CBA9F17412F76292005BB61E /* MapKit.framework */ = {isa = PBXFileReference; lastKnownFileType = wrapper.framework; name = MapKit.framework; path = System/Library/Frameworks/MapKit.framework; sourceTree = SDKROOT; };
		CBA9F17912F763D8005BB61E /* RegionAnnotation.h */ = {isa = PBXFileReference; fileEncoding = 4; lastKnownFileType = sourcecode.c.h; path = RegionAnnotation.h; sourceTree = "<group>"; };
		CBA9F17A12F763D8005BB61E /* RegionAnnotation.m */ = {isa = PBXFileReference; fileEncoding = 4; lastKnownFileType = sourcecode.c.objc; path = RegionAnnotation.m; sourceTree = "<group>"; };
		CBA9F17B12F763D8005BB61E /* RegionAnnotationView.h */ = {isa = PBXFileReference; fileEncoding = 4; lastKnownFileType = sourcecode.c.h; path = RegionAnnotationView.h; sourceTree = "<group>"; };
		CBA9F17C12F763D8005BB61E /* RegionAnnotationView.m */ = {isa = PBXFileReference; fileEncoding = 4; lastKnownFileType = sourcecode.c.objc; path = RegionAnnotationView.m; sourceTree = "<group>"; };
		CBBE14E112F914B70065507D /* Default.png */ = {isa = PBXFileReference; lastKnownFileType = image.png; name = Default.png; path = Images/Default.png; sourceTree = "<group>"; };
		CBBE14E212F914B70065507D /* Icon-72.png */ = {isa = PBXFileReference; lastKnownFileType = image.png; name = "Icon-72.png"; path = "Images/Icon-72.png"; sourceTree = "<group>"; };
		CBBE14E312F914B70065507D /* Icon-Small-50.png */ = {isa = PBXFileReference; lastKnownFileType = image.png; name = "Icon-Small-50.png"; path = "Images/Icon-Small-50.png"; sourceTree = "<group>"; };
		CBBE14E412F914B70065507D /* Icon-Small.png */ = {isa = PBXFileReference; lastKnownFileType = image.png; name = "Icon-Small.png"; path = "Images/Icon-Small.png"; sourceTree = "<group>"; };
		CBBE14E512F914B70065507D /* Icon-Small@2x.png */ = {isa = PBXFileReference; lastKnownFileType = image.png; name = "Icon-Small@2x.png"; path = "Images/Icon-Small@2x.png"; sourceTree = "<group>"; };
		CBBE14E612F914B70065507D /* Icon.png */ = {isa = PBXFileReference; lastKnownFileType = image.png; name = Icon.png; path = Images/Icon.png; sourceTree = "<group>"; };
		CBBE14E712F914B70065507D /* Icon@2x.png */ = {isa = PBXFileReference; lastKnownFileType = image.png; name = "Icon@2x.png"; path = "Images/Icon@2x.png"; sourceTree = "<group>"; };
		CBBE14E812F914B70065507D /* iTunesArtwork */ = {isa = PBXFileReference; lastKnownFileType = file; name = iTunesArtwork; path = Images/iTunesArtwork; sourceTree = "<group>"; };
		CBBE14E912F914B70065507D /* RemoveRegion.png */ = {isa = PBXFileReference; lastKnownFileType = image.png; name = RemoveRegion.png; path = Images/RemoveRegion.png; sourceTree = "<group>"; };
		CBBE14EA12F914B70065507D /* RemoveRegion@2x.png */ = {isa = PBXFileReference; lastKnownFileType = image.png; name = "RemoveRegion@2x.png"; path = "Images/RemoveRegion@2x.png"; sourceTree = "<group>"; };
		CBBE14F712F916EC0065507D /* Default@2x.png */ = {isa = PBXFileReference; lastKnownFileType = image.png; name = "Default@2x.png"; path = "Images/Default@2x.png"; sourceTree = "<group>"; };
		CBBF867212FB498900508BCE /* ReadMe.txt */ = {isa = PBXFileReference; fileEncoding = 4; lastKnownFileType = text; path = ReadMe.txt; sourceTree = "<group>"; };
/* End PBXFileReference section */

/* Begin PBXFrameworksBuildPhase section */
		CBA9F14B12F76264005BB61E /* Frameworks */ = {
			isa = PBXFrameworksBuildPhase;
			buildActionMask = 2147483647;
			files = (
				CBA9F17512F76292005BB61E /* MapKit.framework in Frameworks */,
				CBA9F17312F7628B005BB61E /* CoreLocation.framework in Frameworks */,
				CBA9F15312F76264005BB61E /* UIKit.framework in Frameworks */,
				CBA9F15512F76264005BB61E /* Foundation.framework in Frameworks */,
				CBA9F15712F76264005BB61E /* CoreGraphics.framework in Frameworks */,
			);
			runOnlyForDeploymentPostprocessing = 0;
		};
/* End PBXFrameworksBuildPhase section */

/* Begin PBXGroup section */
		CBA9F14312F76263005BB61E = {
			isa = PBXGroup;
			children = (
				CBBF867212FB498900508BCE /* ReadMe.txt */,
				CBA9F15812F76264005BB61E /* Regions */,
				CBA9F15112F76264005BB61E /* Frameworks */,
				CBA9F14F12F76264005BB61E /* Products */,
			);
			sourceTree = "<group>";
		};
		CBA9F14F12F76264005BB61E /* Products */ = {
			isa = PBXGroup;
			children = (
				CBA9F14E12F76264005BB61E /* Regions.app */,
			);
			name = Products;
			sourceTree = "<group>";
		};
		CBA9F15112F76264005BB61E /* Frameworks */ = {
			isa = PBXGroup;
			children = (
				CBA9F17412F76292005BB61E /* MapKit.framework */,
				CBA9F17212F7628B005BB61E /* CoreLocation.framework */,
				CBA9F15212F76264005BB61E /* UIKit.framework */,
				CBA9F15412F76264005BB61E /* Foundation.framework */,
				CBA9F15612F76264005BB61E /* CoreGraphics.framework */,
			);
			name = Frameworks;
			sourceTree = "<group>";
		};
		CBA9F15812F76264005BB61E /* Regions */ = {
			isa = PBXGroup;
			children = (
				CBA9F16112F76264005BB61E /* RegionsAppDelegate.h */,
				CBA9F16212F76264005BB61E /* RegionsAppDelegate.m */,
				CBA9F16412F76264005BB61E /* MainWindow.xib */,
				CBA9F16712F76264005BB61E /* RegionsViewController.h */,
				CBA9F16812F76264005BB61E /* RegionsViewController.m */,
				CBA9F16A12F76264005BB61E /* RegionsViewController.xib */,
				CBA9F17912F763D8005BB61E /* RegionAnnotation.h */,
				CBA9F17A12F763D8005BB61E /* RegionAnnotation.m */,
				CBA9F17B12F763D8005BB61E /* RegionAnnotationView.h */,
				CBA9F17C12F763D8005BB61E /* RegionAnnotationView.m */,
				CBA9F15912F76264005BB61E /* Supporting Files */,
			);
			path = Regions;
			sourceTree = "<group>";
		};
		CBA9F15912F76264005BB61E /* Supporting Files */ = {
			isa = PBXGroup;
			children = (
				CBBE14E112F914B70065507D /* Default.png */,
				CBBE14F712F916EC0065507D /* Default@2x.png */,
				CBBE14E212F914B70065507D /* Icon-72.png */,
				CBBE14E312F914B70065507D /* Icon-Small-50.png */,
				CBBE14E412F914B70065507D /* Icon-Small.png */,
				CBBE14E512F914B70065507D /* Icon-Small@2x.png */,
				CBBE14E612F914B70065507D /* Icon.png */,
				CBBE14E712F914B70065507D /* Icon@2x.png */,
				CBBE14E812F914B70065507D /* iTunesArtwork */,
				CBBE14E912F914B70065507D /* RemoveRegion.png */,
				CBBE14EA12F914B70065507D /* RemoveRegion@2x.png */,
				CBA9F15A12F76264005BB61E /* Regions-Info.plist */,
				CBA9F15B12F76264005BB61E /* InfoPlist.strings */,
				CBA9F15E12F76264005BB61E /* Regions-Prefix.pch */,
				CBA9F15F12F76264005BB61E /* main.m */,
			);
			name = "Supporting Files";
			sourceTree = "<group>";
		};
/* End PBXGroup section */

/* Begin PBXNativeTarget section */
		CBA9F14D12F76264005BB61E /* Regions */ = {
			isa = PBXNativeTarget;
			buildConfigurationList = CBA9F16F12F76264005BB61E /* Build configuration list for PBXNativeTarget "Regions" */;
			buildPhases = (
				CBA9F14A12F76264005BB61E /* Sources */,
				CBA9F14B12F76264005BB61E /* Frameworks */,
				CBA9F14C12F76264005BB61E /* Resources */,
			);
			buildRules = (
			);
			dependencies = (
			);
			name = Regions;
			productName = Regions;
			productReference = CBA9F14E12F76264005BB61E /* Regions.app */;
			productType = "com.apple.product-type.application";
		};
/* End PBXNativeTarget section */

/* Begin PBXProject section */
		CBA9F14512F76263005BB61E /* Project object */ = {
			isa = PBXProject;
			attributes = {
				ORGANIZATIONNAME = "Apple Inc.";
			};
			buildConfigurationList = CBA9F14812F76263005BB61E /* Build configuration list for PBXProject "Regions" */;
			compatibilityVersion = "Xcode 3.2";
			developmentRegion = English;
			hasScannedForEncodings = 0;
			knownRegions = (
				en,
			);
			mainGroup = CBA9F14312F76263005BB61E;
			productRefGroup = CBA9F14F12F76264005BB61E /* Products */;
			projectDirPath = "";
			projectRoot = "";
			targets = (
				CBA9F14D12F76264005BB61E /* Regions */,
			);
		};
/* End PBXProject section */

/* Begin PBXResourcesBuildPhase section */
		CBA9F14C12F76264005BB61E /* Resources */ = {
			isa = PBXResourcesBuildPhase;
			buildActionMask = 2147483647;
			files = (
				CBA9F15D12F76264005BB61E /* InfoPlist.strings in Resources */,
				CBA9F16612F76264005BB61E /* MainWindow.xib in Resources */,
				CBA9F16C12F76264005BB61E /* RegionsViewController.xib in Resources */,
				CBBE14EB12F914B70065507D /* Default.png in Resources */,
				CBBE14EC12F914B70065507D /* Icon-72.png in Resources */,
				CBBE14ED12F914B70065507D /* Icon-Small-50.png in Resources */,
				CBBE14EE12F914B70065507D /* Icon-Small.png in Resources */,
				CBBE14EF12F914B70065507D /* Icon-Small@2x.png in Resources */,
				CBBE14F012F914B70065507D /* Icon.png in Resources */,
				CBBE14F112F914B70065507D /* Icon@2x.png in Resources */,
				CBBE14F212F914B70065507D /* iTunesArtwork in Resources */,
				CBBE14F312F914B70065507D /* RemoveRegion.png in Resources */,
				CBBE14F412F914B70065507D /* RemoveRegion@2x.png in Resources */,
				CBBE14F812F916EC0065507D /* Default@2x.png in Resources */,
				CBBF867312FB498900508BCE /* ReadMe.txt in Resources */,
			);
			runOnlyForDeploymentPostprocessing = 0;
		};
/* End PBXResourcesBuildPhase section */

/* Begin PBXSourcesBuildPhase section */
		CBA9F14A12F76264005BB61E /* Sources */ = {
			isa = PBXSourcesBuildPhase;
			buildActionMask = 2147483647;
			files = (
				CBA9F16012F76264005BB61E /* main.m in Sources */,
				CBA9F16312F76264005BB61E /* RegionsAppDelegate.m in Sources */,
				CBA9F16912F76264005BB61E /* RegionsViewController.m in Sources */,
				CBA9F17D12F763D8005BB61E /* RegionAnnotation.m in Sources */,
				CBA9F17E12F763D8005BB61E /* RegionAnnotationView.m in Sources */,
			);
			runOnlyForDeploymentPostprocessing = 0;
		};
/* End PBXSourcesBuildPhase section */

/* Begin PBXVariantGroup section */
		CBA9F15B12F76264005BB61E /* InfoPlist.strings */ = {
			isa = PBXVariantGroup;
			children = (
				CBA9F15C12F76264005BB61E /* en */,
			);
			name = InfoPlist.strings;
			sourceTree = "<group>";
		};
		CBA9F16412F76264005BB61E /* MainWindow.xib */ = {
			isa = PBXVariantGroup;
			children = (
				CBA9F16512F76264005BB61E /* en */,
			);
			name = MainWindow.xib;
			sourceTree = "<group>";
		};
		CBA9F16A12F76264005BB61E /* RegionsViewController.xib */ = {
			isa = PBXVariantGroup;
			children = (
				CBA9F16B12F76264005BB61E /* en */,
			);
			name = RegionsViewController.xib;
			sourceTree = "<group>";
		};
/* End PBXVariantGroup section */

/* Begin XCBuildConfiguration section */
		CBA9F16D12F76264005BB61E /* Debug */ = {
			isa = XCBuildConfiguration;
			buildSettings = {
				ARCHS = "$(ARCHS_STANDARD_32_BIT)";
				"CODE_SIGN_IDENTITY[sdk=iphoneos*]" = "iPhone Developer";
				GCC_C_LANGUAGE_STANDARD = gnu99;
				GCC_OPTIMIZATION_LEVEL = 0;
				GCC_PREPROCESSOR_DEFINITIONS = DEBUG;
				GCC_WARN_ABOUT_RETURN_TYPE = YES;
				GCC_WARN_UNUSED_VARIABLE = YES;
				IPHONEOS_DEPLOYMENT_TARGET = 4.0;
				SDKROOT = iphoneos;
			};
			name = Debug;
		};
		CBA9F16E12F76264005BB61E /* Release */ = {
			isa = XCBuildConfiguration;
			buildSettings = {
				ARCHS = "$(ARCHS_STANDARD_32_BIT)";
				"CODE_SIGN_IDENTITY[sdk=iphoneos*]" = "iPhone Developer";
				GCC_C_LANGUAGE_STANDARD = gnu99;
				GCC_WARN_ABOUT_RETURN_TYPE = YES;
				GCC_WARN_UNUSED_VARIABLE = YES;
				IPHONEOS_DEPLOYMENT_TARGET = 4.0;
				OTHER_CFLAGS = "-DNS_BLOCK_ASSERTIONS=1";
				SDKROOT = iphoneos;
			};
			name = Release;
		};
		CBA9F17012F76264005BB61E /* Debug */ = {
			isa = XCBuildConfiguration;
			buildSettings = {
				ALWAYS_SEARCH_USER_PATHS = NO;
				COPY_PHASE_STRIP = NO;
				GCC_DYNAMIC_NO_PIC = NO;
				GCC_PRECOMPILE_PREFIX_HEADER = YES;
				GCC_PREFIX_HEADER = "Regions/Regions-Prefix.pch";
				INFOPLIST_FILE = "Regions/Regions-Info.plist";
				IPHONEOS_DEPLOYMENT_TARGET = 4.0;
				PRODUCT_NAME = "$(TARGET_NAME)";
				WRAPPER_EXTENSION = app;
			};
			name = Debug;
		};
		CBA9F17112F76264005BB61E /* Release */ = {
			isa = XCBuildConfiguration;
			buildSettings = {
				ALWAYS_SEARCH_USER_PATHS = NO;
				COPY_PHASE_STRIP = YES;
				GCC_PRECOMPILE_PREFIX_HEADER = YES;
				GCC_PREFIX_HEADER = "Regions/Regions-Prefix.pch";
				INFOPLIST_FILE = "Regions/Regions-Info.plist";
				IPHONEOS_DEPLOYMENT_TARGET = 4.0;
				PRODUCT_NAME = "$(TARGET_NAME)";
				VALIDATE_PRODUCT = YES;
				WRAPPER_EXTENSION = app;
			};
			name = Release;
		};
/* End XCBuildConfiguration section */

/* Begin XCConfigurationList section */
		CBA9F14812F76263005BB61E /* Build configuration list for PBXProject "Regions" */ = {
			isa = XCConfigurationList;
			buildConfigurations = (
				CBA9F16D12F76264005BB61E /* Debug */,
				CBA9F16E12F76264005BB61E /* Release */,
			);
			defaultConfigurationIsVisible = 0;
			defaultConfigurationName = Release;
		};
		CBA9F16F12F76264005BB61E /* Build configuration list for PBXNativeTarget "Regions" */ = {
			isa = XCConfigurationList;
			buildConfigurations = (
				CBA9F17012F76264005BB61E /* Debug */,
				CBA9F17112F76264005BB61E /* Release */,
			);
			defaultConfigurationIsVisible = 0;
			defaultConfigurationName = Release;
		};
/* End XCConfigurationList section */
	};
	rootObject = CBA9F14512F76263005BB61E /* Project object */;
}
