// !$*UTF8*$!
{
	archiveVersion = 1;
	classes = {
	};
	objectVersion = 46;
	objects = {

/* Begin PBXBuildFile section */
		381803F1175A7AD100D4A0CB /* iPhoneStoryboard.storyboard in Resources */ = {isa = PBXBuildFile; fileRef = 381803F0175A7AD100D4A0CB /* iPhoneStoryboard.storyboard */; };
		3818043F175A7E3100D4A0CB /* Default.png in Resources */ = {isa = PBXBuildFile; fileRef = 3818043C175A7E3100D4A0CB /* Default.png */; };
		38180440175A7E3100D4A0CB /* Default@2x.png in Resources */ = {isa = PBXBuildFile; fileRef = 3818043D175A7E3100D4A0CB /* Default@2x.png */; };
		38180441175A7E3100D4A0CB /* Default-568h@2x.png in Resources */ = {isa = PBXBuildFile; fileRef = 3818043E175A7E3100D4A0CB /* Default-568h@2x.png */; };
		3822FB3E172C8EAC00503F19 /* hardCircle.png in Resources */ = {isa = PBXBuildFile; fileRef = 3822FB3D172C8EAC00503F19 /* hardCircle.png */; };
		3822FB3F172C8EAC00503F19 /* hardCircle.png in Resources */ = {isa = PBXBuildFile; fileRef = 3822FB3D172C8EAC00503F19 /* hardCircle.png */; };
		3822FB42172C8EB700503F19 /* spark.png in Resources */ = {isa = PBXBuildFile; fileRef = 3822FB40172C8EB700503F19 /* spark.png */; };
		3822FB43172C8EB700503F19 /* spark.png in Resources */ = {isa = PBXBuildFile; fileRef = 3822FB40172C8EB700503F19 /* spark.png */; };
		3822FB44172C8EB700503F19 /* star.png in Resources */ = {isa = PBXBuildFile; fileRef = 3822FB41172C8EB700503F19 /* star.png */; };
		3822FB45172C8EB700503F19 /* star.png in Resources */ = {isa = PBXBuildFile; fileRef = 3822FB41172C8EB700503F19 /* star.png */; };
		3834C7A0172C83C800BF3395 /* APAArtificialIntelligence.m in Sources */ = {isa = PBXBuildFile; fileRef = 3834C79B172C83C800BF3395 /* APAArtificialIntelligence.m */; };
		3834C7A1172C83C800BF3395 /* APAArtificialIntelligence.m in Sources */ = {isa = PBXBuildFile; fileRef = 3834C79B172C83C800BF3395 /* APAArtificialIntelligence.m */; };
		3834C7A2172C83C800BF3395 /* APAChaseAI.m in Sources */ = {isa = PBXBuildFile; fileRef = 3834C79D172C83C800BF3395 /* APAChaseAI.m */; };
		3834C7A3172C83C800BF3395 /* APAChaseAI.m in Sources */ = {isa = PBXBuildFile; fileRef = 3834C79D172C83C800BF3395 /* APAChaseAI.m */; };
		3834C7A4172C83C800BF3395 /* APASpawnAI.m in Sources */ = {isa = PBXBuildFile; fileRef = 3834C79F172C83C800BF3395 /* APASpawnAI.m */; };
		3834C7A5172C83C800BF3395 /* APASpawnAI.m in Sources */ = {isa = PBXBuildFile; fileRef = 3834C79F172C83C800BF3395 /* APASpawnAI.m */; };
		3834C7AD172C83E600BF3395 /* APAAdventureScene.m in Sources */ = {isa = PBXBuildFile; fileRef = 3834C7A8172C83E600BF3395 /* APAAdventureScene.m */; };
		3834C7AE172C83E600BF3395 /* APAAdventureScene.m in Sources */ = {isa = PBXBuildFile; fileRef = 3834C7A8172C83E600BF3395 /* APAAdventureScene.m */; };
		3834C7AF172C83E600BF3395 /* APAMultiplayerLayeredCharacterScene.m in Sources */ = {isa = PBXBuildFile; fileRef = 3834C7AA172C83E600BF3395 /* APAMultiplayerLayeredCharacterScene.m */; };
		3834C7B0172C83E600BF3395 /* APAMultiplayerLayeredCharacterScene.m in Sources */ = {isa = PBXBuildFile; fileRef = 3834C7AA172C83E600BF3395 /* APAMultiplayerLayeredCharacterScene.m */; };
		3834C7B1172C83E600BF3395 /* APAPlayer.m in Sources */ = {isa = PBXBuildFile; fileRef = 3834C7AC172C83E600BF3395 /* APAPlayer.m */; };
		3834C7B2172C83E600BF3395 /* APAPlayer.m in Sources */ = {isa = PBXBuildFile; fileRef = 3834C7AC172C83E600BF3395 /* APAPlayer.m */; };
		3834C7C8172C840800BF3395 /* APAArcher.m in Sources */ = {isa = PBXBuildFile; fileRef = 3834C7B5172C840800BF3395 /* APAArcher.m */; };
		3834C7C9172C840800BF3395 /* APAArcher.m in Sources */ = {isa = PBXBuildFile; fileRef = 3834C7B5172C840800BF3395 /* APAArcher.m */; };
		3834C7CA172C840800BF3395 /* APABoss.m in Sources */ = {isa = PBXBuildFile; fileRef = 3834C7B7172C840800BF3395 /* APABoss.m */; };
		3834C7CB172C840800BF3395 /* APABoss.m in Sources */ = {isa = PBXBuildFile; fileRef = 3834C7B7172C840800BF3395 /* APABoss.m */; };
		3834C7CC172C840800BF3395 /* APACave.m in Sources */ = {isa = PBXBuildFile; fileRef = 3834C7B9172C840800BF3395 /* APACave.m */; };
		3834C7CD172C840800BF3395 /* APACave.m in Sources */ = {isa = PBXBuildFile; fileRef = 3834C7B9172C840800BF3395 /* APACave.m */; };
		3834C7CE172C840800BF3395 /* APACharacter.m in Sources */ = {isa = PBXBuildFile; fileRef = 3834C7BB172C840800BF3395 /* APACharacter.m */; };
		3834C7CF172C840800BF3395 /* APACharacter.m in Sources */ = {isa = PBXBuildFile; fileRef = 3834C7BB172C840800BF3395 /* APACharacter.m */; };
		3834C7D0172C840800BF3395 /* APAEnemyCharacter.m in Sources */ = {isa = PBXBuildFile; fileRef = 3834C7BD172C840800BF3395 /* APAEnemyCharacter.m */; };
		3834C7D1172C840800BF3395 /* APAEnemyCharacter.m in Sources */ = {isa = PBXBuildFile; fileRef = 3834C7BD172C840800BF3395 /* APAEnemyCharacter.m */; };
		3834C7D2172C840800BF3395 /* APAGoblin.m in Sources */ = {isa = PBXBuildFile; fileRef = 3834C7BF172C840800BF3395 /* APAGoblin.m */; };
		3834C7D3172C840800BF3395 /* APAGoblin.m in Sources */ = {isa = PBXBuildFile; fileRef = 3834C7BF172C840800BF3395 /* APAGoblin.m */; };
		3834C7D4172C840800BF3395 /* APAHeroCharacter.m in Sources */ = {isa = PBXBuildFile; fileRef = 3834C7C1172C840800BF3395 /* APAHeroCharacter.m */; };
		3834C7D5172C840800BF3395 /* APAHeroCharacter.m in Sources */ = {isa = PBXBuildFile; fileRef = 3834C7C1172C840800BF3395 /* APAHeroCharacter.m */; };
		3834C7D6172C840800BF3395 /* APAParallaxSprite.m in Sources */ = {isa = PBXBuildFile; fileRef = 3834C7C3172C840800BF3395 /* APAParallaxSprite.m */; };
		3834C7D7172C840800BF3395 /* APAParallaxSprite.m in Sources */ = {isa = PBXBuildFile; fileRef = 3834C7C3172C840800BF3395 /* APAParallaxSprite.m */; };
		3834C7D8172C840800BF3395 /* APATree.m in Sources */ = {isa = PBXBuildFile; fileRef = 3834C7C5172C840800BF3395 /* APATree.m */; };
		3834C7D9172C840800BF3395 /* APATree.m in Sources */ = {isa = PBXBuildFile; fileRef = 3834C7C5172C840800BF3395 /* APATree.m */; };
		3834C7DA172C840800BF3395 /* APAWarrior.m in Sources */ = {isa = PBXBuildFile; fileRef = 3834C7C7172C840800BF3395 /* APAWarrior.m */; };
		3834C7DB172C840800BF3395 /* APAWarrior.m in Sources */ = {isa = PBXBuildFile; fileRef = 3834C7C7172C840800BF3395 /* APAWarrior.m */; };
		3834C7DF172C843200BF3395 /* APAGraphicsUtilities.m in Sources */ = {isa = PBXBuildFile; fileRef = 3834C7DE172C843200BF3395 /* APAGraphicsUtilities.m */; };
		3834C7E0172C843200BF3395 /* APAGraphicsUtilities.m in Sources */ = {isa = PBXBuildFile; fileRef = 3834C7DE172C843200BF3395 /* APAGraphicsUtilities.m */; };
		3834C7E2172C844200BF3395 /* GameController.framework in Frameworks */ = {isa = PBXBuildFile; fileRef = 3834C7E1172C844200BF3395 /* GameController.framework */; };
		3834C7E4172C844F00BF3395 /* GameController.framework in Frameworks */ = {isa = PBXBuildFile; fileRef = 3834C7E3172C844F00BF3395 /* GameController.framework */; };
		3834C7E9172C855700BF3395 /* APAAppDelegateIOS.m in Sources */ = {isa = PBXBuildFile; fileRef = 3834C7E8172C855700BF3395 /* APAAppDelegateIOS.m */; };
		383F57ED17497C7000FCBBAD /* Archer_Attack.atlas in Resources */ = {isa = PBXBuildFile; fileRef = 383F57D617497C7000FCBBAD /* Archer_Attack.atlas */; };
		383F57EE17497C7000FCBBAD /* Archer_Attack.atlas in Resources */ = {isa = PBXBuildFile; fileRef = 383F57D617497C7000FCBBAD /* Archer_Attack.atlas */; };
		383F57EF17497C7000FCBBAD /* Archer_Death.atlas in Resources */ = {isa = PBXBuildFile; fileRef = 383F57D717497C7000FCBBAD /* Archer_Death.atlas */; };
		383F57F017497C7000FCBBAD /* Archer_Death.atlas in Resources */ = {isa = PBXBuildFile; fileRef = 383F57D717497C7000FCBBAD /* Archer_Death.atlas */; };
		383F57F117497C7000FCBBAD /* Archer_GetHit.atlas in Resources */ = {isa = PBXBuildFile; fileRef = 383F57D817497C7000FCBBAD /* Archer_GetHit.atlas */; };
		383F57F217497C7000FCBBAD /* Archer_GetHit.atlas in Resources */ = {isa = PBXBuildFile; fileRef = 383F57D817497C7000FCBBAD /* Archer_GetHit.atlas */; };
		383F57F317497C7000FCBBAD /* Archer_Idle.atlas in Resources */ = {isa = PBXBuildFile; fileRef = 383F57D917497C7000FCBBAD /* Archer_Idle.atlas */; };
		383F57F417497C7000FCBBAD /* Archer_Idle.atlas in Resources */ = {isa = PBXBuildFile; fileRef = 383F57D917497C7000FCBBAD /* Archer_Idle.atlas */; };
		383F57F517497C7000FCBBAD /* Archer_Walk.atlas in Resources */ = {isa = PBXBuildFile; fileRef = 383F57DA17497C7000FCBBAD /* Archer_Walk.atlas */; };
		383F57F617497C7000FCBBAD /* Archer_Walk.atlas in Resources */ = {isa = PBXBuildFile; fileRef = 383F57DA17497C7000FCBBAD /* Archer_Walk.atlas */; };
		383F57F717497C7000FCBBAD /* Boss_Attack.atlas in Resources */ = {isa = PBXBuildFile; fileRef = 383F57DC17497C7000FCBBAD /* Boss_Attack.atlas */; };
		383F57F817497C7000FCBBAD /* Boss_Attack.atlas in Resources */ = {isa = PBXBuildFile; fileRef = 383F57DC17497C7000FCBBAD /* Boss_Attack.atlas */; };
		383F57F917497C7000FCBBAD /* Boss_Death.atlas in Resources */ = {isa = PBXBuildFile; fileRef = 383F57DD17497C7000FCBBAD /* Boss_Death.atlas */; };
		383F57FA17497C7000FCBBAD /* Boss_Death.atlas in Resources */ = {isa = PBXBuildFile; fileRef = 383F57DD17497C7000FCBBAD /* Boss_Death.atlas */; };
		383F57FB17497C7000FCBBAD /* Boss_GetHit.atlas in Resources */ = {isa = PBXBuildFile; fileRef = 383F57DE17497C7000FCBBAD /* Boss_GetHit.atlas */; };
		383F57FC17497C7000FCBBAD /* Boss_GetHit.atlas in Resources */ = {isa = PBXBuildFile; fileRef = 383F57DE17497C7000FCBBAD /* Boss_GetHit.atlas */; };
		383F57FD17497C7000FCBBAD /* Boss_Idle.atlas in Resources */ = {isa = PBXBuildFile; fileRef = 383F57DF17497C7000FCBBAD /* Boss_Idle.atlas */; };
		383F57FE17497C7000FCBBAD /* Boss_Idle.atlas in Resources */ = {isa = PBXBuildFile; fileRef = 383F57DF17497C7000FCBBAD /* Boss_Idle.atlas */; };
		383F57FF17497C7000FCBBAD /* Boss_Walk.atlas in Resources */ = {isa = PBXBuildFile; fileRef = 383F57E017497C7000FCBBAD /* Boss_Walk.atlas */; };
		383F580017497C7000FCBBAD /* Boss_Walk.atlas in Resources */ = {isa = PBXBuildFile; fileRef = 383F57E017497C7000FCBBAD /* Boss_Walk.atlas */; };
		383F580117497C7000FCBBAD /* Goblin_Attack.atlas in Resources */ = {isa = PBXBuildFile; fileRef = 383F57E217497C7000FCBBAD /* Goblin_Attack.atlas */; };
		383F580217497C7000FCBBAD /* Goblin_Attack.atlas in Resources */ = {isa = PBXBuildFile; fileRef = 383F57E217497C7000FCBBAD /* Goblin_Attack.atlas */; };
		383F580317497C7000FCBBAD /* Goblin_Death.atlas in Resources */ = {isa = PBXBuildFile; fileRef = 383F57E317497C7000FCBBAD /* Goblin_Death.atlas */; };
		383F580417497C7000FCBBAD /* Goblin_Death.atlas in Resources */ = {isa = PBXBuildFile; fileRef = 383F57E317497C7000FCBBAD /* Goblin_Death.atlas */; };
		383F580517497C7000FCBBAD /* Goblin_GetHit.atlas in Resources */ = {isa = PBXBuildFile; fileRef = 383F57E417497C7000FCBBAD /* Goblin_GetHit.atlas */; };
		383F580617497C7000FCBBAD /* Goblin_GetHit.atlas in Resources */ = {isa = PBXBuildFile; fileRef = 383F57E417497C7000FCBBAD /* Goblin_GetHit.atlas */; };
		383F580717497C7000FCBBAD /* Goblin_Idle.atlas in Resources */ = {isa = PBXBuildFile; fileRef = 383F57E517497C7000FCBBAD /* Goblin_Idle.atlas */; };
		383F580817497C7000FCBBAD /* Goblin_Idle.atlas in Resources */ = {isa = PBXBuildFile; fileRef = 383F57E517497C7000FCBBAD /* Goblin_Idle.atlas */; };
		383F580917497C7000FCBBAD /* Goblin_Walk.atlas in Resources */ = {isa = PBXBuildFile; fileRef = 383F57E617497C7000FCBBAD /* Goblin_Walk.atlas */; };
		383F580A17497C7000FCBBAD /* Goblin_Walk.atlas in Resources */ = {isa = PBXBuildFile; fileRef = 383F57E617497C7000FCBBAD /* Goblin_Walk.atlas */; };
		383F580B17497C7000FCBBAD /* Warrior_Attack.atlas in Resources */ = {isa = PBXBuildFile; fileRef = 383F57E817497C7000FCBBAD /* Warrior_Attack.atlas */; };
		383F580C17497C7000FCBBAD /* Warrior_Attack.atlas in Resources */ = {isa = PBXBuildFile; fileRef = 383F57E817497C7000FCBBAD /* Warrior_Attack.atlas */; };
		383F580D17497C7000FCBBAD /* Warrior_Death.atlas in Resources */ = {isa = PBXBuildFile; fileRef = 383F57E917497C7000FCBBAD /* Warrior_Death.atlas */; };
		383F580E17497C7000FCBBAD /* Warrior_Death.atlas in Resources */ = {isa = PBXBuildFile; fileRef = 383F57E917497C7000FCBBAD /* Warrior_Death.atlas */; };
		383F580F17497C7000FCBBAD /* Warrior_GetHit.atlas in Resources */ = {isa = PBXBuildFile; fileRef = 383F57EA17497C7000FCBBAD /* Warrior_GetHit.atlas */; };
		383F581017497C7000FCBBAD /* Warrior_GetHit.atlas in Resources */ = {isa = PBXBuildFile; fileRef = 383F57EA17497C7000FCBBAD /* Warrior_GetHit.atlas */; };
		383F581117497C7000FCBBAD /* Warrior_Idle.atlas in Resources */ = {isa = PBXBuildFile; fileRef = 383F57EB17497C7000FCBBAD /* Warrior_Idle.atlas */; };
		383F581217497C7000FCBBAD /* Warrior_Idle.atlas in Resources */ = {isa = PBXBuildFile; fileRef = 383F57EB17497C7000FCBBAD /* Warrior_Idle.atlas */; };
		383F581317497C7000FCBBAD /* Warrior_Walk.atlas in Resources */ = {isa = PBXBuildFile; fileRef = 383F57EC17497C7000FCBBAD /* Warrior_Walk.atlas */; };
		383F581417497C7000FCBBAD /* Warrior_Walk.atlas in Resources */ = {isa = PBXBuildFile; fileRef = 383F57EC17497C7000FCBBAD /* Warrior_Walk.atlas */; };
		384321A0172C91F5002FC613 /* button_archer.png in Resources */ = {isa = PBXBuildFile; fileRef = 38432196172C91F5002FC613 /* button_archer.png */; };
		384321A1172C91F5002FC613 /* button_archer.png in Resources */ = {isa = PBXBuildFile; fileRef = 38432196172C91F5002FC613 /* button_archer.png */; };
		384321A2172C91F5002FC613 /* button_warrior.png in Resources */ = {isa = PBXBuildFile; fileRef = 38432197172C91F5002FC613 /* button_warrior.png */; };
		384321A3172C91F5002FC613 /* button_warrior.png in Resources */ = {isa = PBXBuildFile; fileRef = 38432197172C91F5002FC613 /* button_warrior.png */; };
		384321A4172C91F5002FC613 /* iconWarrior_blue.png in Resources */ = {isa = PBXBuildFile; fileRef = 38432198172C91F5002FC613 /* iconWarrior_blue.png */; };
		384321A5172C91F5002FC613 /* iconWarrior_blue.png in Resources */ = {isa = PBXBuildFile; fileRef = 38432198172C91F5002FC613 /* iconWarrior_blue.png */; };
		384321A6172C91F5002FC613 /* iconWarrior_green.png in Resources */ = {isa = PBXBuildFile; fileRef = 38432199172C91F5002FC613 /* iconWarrior_green.png */; };
		384321A7172C91F5002FC613 /* iconWarrior_green.png in Resources */ = {isa = PBXBuildFile; fileRef = 38432199172C91F5002FC613 /* iconWarrior_green.png */; };
		384321A8172C91F5002FC613 /* iconWarrior_pink.png in Resources */ = {isa = PBXBuildFile; fileRef = 3843219A172C91F5002FC613 /* iconWarrior_pink.png */; };
		384321A9172C91F5002FC613 /* iconWarrior_pink.png in Resources */ = {isa = PBXBuildFile; fileRef = 3843219A172C91F5002FC613 /* iconWarrior_pink.png */; };
		384321AA172C91F5002FC613 /* iconWarrior_red.png in Resources */ = {isa = PBXBuildFile; fileRef = 3843219B172C91F5002FC613 /* iconWarrior_red.png */; };
		384321AB172C91F5002FC613 /* iconWarrior_red.png in Resources */ = {isa = PBXBuildFile; fileRef = 3843219B172C91F5002FC613 /* iconWarrior_red.png */; };
		384321AC172C91F5002FC613 /* lives.png in Resources */ = {isa = PBXBuildFile; fileRef = 3843219C172C91F5002FC613 /* lives.png */; };
		384321AD172C91F5002FC613 /* lives.png in Resources */ = {isa = PBXBuildFile; fileRef = 3843219C172C91F5002FC613 /* lives.png */; };
		384321AE172C91F5002FC613 /* logo.png in Resources */ = {isa = PBXBuildFile; fileRef = 3843219D172C91F5002FC613 /* logo.png */; };
		384321AF172C91F5002FC613 /* logo.png in Resources */ = {isa = PBXBuildFile; fileRef = 3843219D172C91F5002FC613 /* logo.png */; };
		384321BE172C9422002FC613 /* APAViewController.m in Sources */ = {isa = PBXBuildFile; fileRef = 384321BD172C9422002FC613 /* APAViewController.m */; };
		385CDF6B172C8A470044AC51 /* ArcherProjectile.sks in Resources */ = {isa = PBXBuildFile; fileRef = 385CDF5F172C8A470044AC51 /* ArcherProjectile.sks */; };
		385CDF6C172C8A470044AC51 /* ArcherProjectile.sks in Resources */ = {isa = PBXBuildFile; fileRef = 385CDF5F172C8A470044AC51 /* ArcherProjectile.sks */; };
		385CDF6D172C8A470044AC51 /* CaveDamage.sks in Resources */ = {isa = PBXBuildFile; fileRef = 385CDF60172C8A470044AC51 /* CaveDamage.sks */; };
		385CDF6E172C8A470044AC51 /* CaveDamage.sks in Resources */ = {isa = PBXBuildFile; fileRef = 385CDF60172C8A470044AC51 /* CaveDamage.sks */; };
		385CDF6F172C8A470044AC51 /* CaveDeathSmoke.sks in Resources */ = {isa = PBXBuildFile; fileRef = 385CDF61172C8A470044AC51 /* CaveDeathSmoke.sks */; };
		385CDF70172C8A470044AC51 /* CaveDeathSmoke.sks in Resources */ = {isa = PBXBuildFile; fileRef = 385CDF61172C8A470044AC51 /* CaveDeathSmoke.sks */; };
		385CDF71172C8A470044AC51 /* CaveFireSmoke.sks in Resources */ = {isa = PBXBuildFile; fileRef = 385CDF62172C8A470044AC51 /* CaveFireSmoke.sks */; };
		385CDF72172C8A470044AC51 /* CaveFireSmoke.sks in Resources */ = {isa = PBXBuildFile; fileRef = 385CDF62172C8A470044AC51 /* CaveFireSmoke.sks */; };
		385CDF73172C8A470044AC51 /* Damage.sks in Resources */ = {isa = PBXBuildFile; fileRef = 385CDF63172C8A470044AC51 /* Damage.sks */; };
		385CDF74172C8A470044AC51 /* Damage.sks in Resources */ = {isa = PBXBuildFile; fileRef = 385CDF63172C8A470044AC51 /* Damage.sks */; };
		385CDF75172C8A470044AC51 /* Death.sks in Resources */ = {isa = PBXBuildFile; fileRef = 385CDF64172C8A470044AC51 /* Death.sks */; };
		385CDF76172C8A470044AC51 /* Death.sks in Resources */ = {isa = PBXBuildFile; fileRef = 385CDF64172C8A470044AC51 /* Death.sks */; };
		385CDF77172C8A470044AC51 /* CaveFire.sks in Resources */ = {isa = PBXBuildFile; fileRef = 385CDF65172C8A470044AC51 /* CaveFire.sks */; };
		385CDF78172C8A470044AC51 /* CaveFire.sks in Resources */ = {isa = PBXBuildFile; fileRef = 385CDF65172C8A470044AC51 /* CaveFire.sks */; };
		385CDF79172C8A470044AC51 /* Leaves_01.sks in Resources */ = {isa = PBXBuildFile; fileRef = 385CDF66172C8A470044AC51 /* Leaves_01.sks */; };
		385CDF7A172C8A470044AC51 /* Leaves_01.sks in Resources */ = {isa = PBXBuildFile; fileRef = 385CDF66172C8A470044AC51 /* Leaves_01.sks */; };
		385CDF7B172C8A470044AC51 /* Leaves_02.sks in Resources */ = {isa = PBXBuildFile; fileRef = 385CDF67172C8A470044AC51 /* Leaves_02.sks */; };
		385CDF7C172C8A470044AC51 /* Leaves_02.sks in Resources */ = {isa = PBXBuildFile; fileRef = 385CDF67172C8A470044AC51 /* Leaves_02.sks */; };
		385CDF7D172C8A470044AC51 /* ProjectileSplat.sks in Resources */ = {isa = PBXBuildFile; fileRef = 385CDF68172C8A470044AC51 /* ProjectileSplat.sks */; };
		385CDF7E172C8A470044AC51 /* ProjectileSplat.sks in Resources */ = {isa = PBXBuildFile; fileRef = 385CDF68172C8A470044AC51 /* ProjectileSplat.sks */; };
		385CDF7F172C8A470044AC51 /* Spawn.sks in Resources */ = {isa = PBXBuildFile; fileRef = 385CDF69172C8A470044AC51 /* Spawn.sks */; };
		385CDF80172C8A470044AC51 /* Spawn.sks in Resources */ = {isa = PBXBuildFile; fileRef = 385CDF69172C8A470044AC51 /* Spawn.sks */; };
		385CDF81172C8A470044AC51 /* WarriorProjectile.sks in Resources */ = {isa = PBXBuildFile; fileRef = 385CDF6A172C8A470044AC51 /* WarriorProjectile.sks */; };
		385CDF82172C8A470044AC51 /* WarriorProjectile.sks in Resources */ = {isa = PBXBuildFile; fileRef = 385CDF6A172C8A470044AC51 /* WarriorProjectile.sks */; };
		385CDF88172C8AC40044AC51 /* leaf_00.png in Resources */ = {isa = PBXBuildFile; fileRef = 385CDF86172C8AC40044AC51 /* leaf_00.png */; };
		385CDF89172C8AC40044AC51 /* leaf_00.png in Resources */ = {isa = PBXBuildFile; fileRef = 385CDF86172C8AC40044AC51 /* leaf_00.png */; };
		385CDF8A172C8AC40044AC51 /* leaf_02.png in Resources */ = {isa = PBXBuildFile; fileRef = 385CDF87172C8AC40044AC51 /* leaf_02.png */; };
		385CDF8B172C8AC40044AC51 /* leaf_02.png in Resources */ = {isa = PBXBuildFile; fileRef = 385CDF87172C8AC40044AC51 /* leaf_02.png */; };
		3865171C17482253000789C9 /* Environment.atlas in Resources */ = {isa = PBXBuildFile; fileRef = 3865171B17482253000789C9 /* Environment.atlas */; };
		3865171D17482253000789C9 /* Environment.atlas in Resources */ = {isa = PBXBuildFile; fileRef = 3865171B17482253000789C9 /* Environment.atlas */; };
		3865171F1748242B000789C9 /* Tiles.atlas in Resources */ = {isa = PBXBuildFile; fileRef = 3865171E1748242B000789C9 /* Tiles.atlas */; };
		386517201748242B000789C9 /* Tiles.atlas in Resources */ = {isa = PBXBuildFile; fileRef = 3865171E1748242B000789C9 /* Tiles.atlas */; };
		38730322172C8F2B000C76A8 /* BossDamage.sks in Resources */ = {isa = PBXBuildFile; fileRef = 38730321172C8F2B000C76A8 /* BossDamage.sks */; };
		38730323172C8F2B000C76A8 /* BossDamage.sks in Resources */ = {isa = PBXBuildFile; fileRef = 38730321172C8F2B000C76A8 /* BossDamage.sks */; };
		38730339172C9024000C76A8 /* map_level.png in Resources */ = {isa = PBXBuildFile; fileRef = 38730337172C9024000C76A8 /* map_level.png */; };
		3873033A172C9024000C76A8 /* map_level.png in Resources */ = {isa = PBXBuildFile; fileRef = 38730337172C9024000C76A8 /* map_level.png */; };
		3873033B172C9024000C76A8 /* map_trees.png in Resources */ = {isa = PBXBuildFile; fileRef = 38730338172C9024000C76A8 /* map_trees.png */; };
		3873033C172C9024000C76A8 /* map_trees.png in Resources */ = {isa = PBXBuildFile; fileRef = 38730338172C9024000C76A8 /* map_trees.png */; };
		38750F0D175EEFD600D673AE /* UIKit.framework in Frameworks */ = {isa = PBXBuildFile; fileRef = 38750F0C175EEFD600D673AE /* UIKit.framework */; };
		38750F0F175EEFE600D673AE /* CoreGraphics.framework in Frameworks */ = {isa = PBXBuildFile; fileRef = 38750F0E175EEFE600D673AE /* CoreGraphics.framework */; };
		387FBF56172C829F0072E10A /* Cocoa.framework in Frameworks */ = {isa = PBXBuildFile; fileRef = 387FBF55172C829F0072E10A /* Cocoa.framework */; };
		387FBF58172C829F0072E10A /* SpriteKit.framework in Frameworks */ = {isa = PBXBuildFile; fileRef = 387FBF57172C829F0072E10A /* SpriteKit.framework */; };
		387FBF62172C829F0072E10A /* InfoPlist.strings in Resources */ = {isa = PBXBuildFile; fileRef = 387FBF60172C829F0072E10A /* InfoPlist.strings */; };
		387FBF64172C829F0072E10A /* main.m in Sources */ = {isa = PBXBuildFile; fileRef = 387FBF63172C829F0072E10A /* main.m */; };
		387FBF6A172C829F0072E10A /* MainMenu.xib in Resources */ = {isa = PBXBuildFile; fileRef = 387FBF69172C829F0072E10A /* MainMenu.xib */; };
		387FBF6F172C829F0072E10A /* APAAppDelegateOSX.m in Sources */ = {isa = PBXBuildFile; fileRef = 387FBF6E172C829F0072E10A /* APAAppDelegateOSX.m */; };
		387FBF83172C82FF0072E10A /* SpriteKit.framework in Frameworks */ = {isa = PBXBuildFile; fileRef = 387FBF57172C829F0072E10A /* SpriteKit.framework */; };
		387FBF89172C82FF0072E10A /* InfoPlist.strings in Resources */ = {isa = PBXBuildFile; fileRef = 387FBF87172C82FF0072E10A /* InfoPlist.strings */; };
		387FBF8B172C82FF0072E10A /* main.m in Sources */ = {isa = PBXBuildFile; fileRef = 387FBF8A172C82FF0072E10A /* main.m */; };
		387FBF91172C82FF0072E10A /* Default-Portrait~ipad.png in Resources */ = {isa = PBXBuildFile; fileRef = 387FBF90172C82FF0072E10A /* Default-Portrait~ipad.png */; };
		387FBF93172C82FF0072E10A /* Default-Portrait@2x~ipad.png in Resources */ = {isa = PBXBuildFile; fileRef = 387FBF92172C82FF0072E10A /* Default-Portrait@2x~ipad.png */; };
		387FBF95172C82FF0072E10A /* Default-Landscape~ipad.png in Resources */ = {isa = PBXBuildFile; fileRef = 387FBF94172C82FF0072E10A /* Default-Landscape~ipad.png */; };
		387FBF97172C82FF0072E10A /* Default-Landscape@2x~ipad.png in Resources */ = {isa = PBXBuildFile; fileRef = 387FBF96172C82FF0072E10A /* Default-Landscape@2x~ipad.png */; };
		3882BED7172C9A24004FCC6C /* magicmissile.caf in Resources */ = {isa = PBXBuildFile; fileRef = 3882BED6172C9A24004FCC6C /* magicmissile.caf */; };
		3882BED8172C9A24004FCC6C /* magicmissile.caf in Resources */ = {isa = PBXBuildFile; fileRef = 3882BED6172C9A24004FCC6C /* magicmissile.caf */; };
		38C4937817CA97D700A83578 /* Assets - OS X.xcassets in Resources */ = {isa = PBXBuildFile; fileRef = 38C4937717CA97D700A83578 /* Assets - OS X.xcassets */; };
		38C4937A17CA998A00A83578 /* Assets - iOS.xcassets in Resources */ = {isa = PBXBuildFile; fileRef = 38C4937917CA998A00A83578 /* Assets - iOS.xcassets */; };
/* End PBXBuildFile section */

/* Begin PBXFileReference section */
		2853BC80176516F1007702FB /* ReadMe.txt */ = {isa = PBXFileReference; lastKnownFileType = text; path = ReadMe.txt; sourceTree = "<group>"; };
		381803F0175A7AD100D4A0CB /* iPhoneStoryboard.storyboard */ = {isa = PBXFileReference; fileEncoding = 4; lastKnownFileType = file.storyboard; path = iPhoneStoryboard.storyboard; sourceTree = "<group>"; };
		3818043C175A7E3100D4A0CB /* Default.png */ = {isa = PBXFileReference; lastKnownFileType = image.png; path = Default.png; sourceTree = "<group>"; };
		3818043D175A7E3100D4A0CB /* Default@2x.png */ = {isa = PBXFileReference; lastKnownFileType = image.png; path = "Default@2x.png"; sourceTree = "<group>"; };
		3818043E175A7E3100D4A0CB /* Default-568h@2x.png */ = {isa = PBXFileReference; lastKnownFileType = image.png; path = "Default-568h@2x.png"; sourceTree = "<group>"; };
		3822FB3D172C8EAC00503F19 /* hardCircle.png */ = {isa = PBXFileReference; lastKnownFileType = image.png; path = hardCircle.png; sourceTree = "<group>"; };
		3822FB40172C8EB700503F19 /* spark.png */ = {isa = PBXFileReference; lastKnownFileType = image.png; path = spark.png; sourceTree = "<group>"; };
		3822FB41172C8EB700503F19 /* star.png */ = {isa = PBXFileReference; lastKnownFileType = image.png; path = star.png; sourceTree = "<group>"; };
		3834C79A172C83C800BF3395 /* APAArtificialIntelligence.h */ = {isa = PBXFileReference; fileEncoding = 4; lastKnownFileType = sourcecode.c.h; path = APAArtificialIntelligence.h; sourceTree = "<group>"; };
		3834C79B172C83C800BF3395 /* APAArtificialIntelligence.m */ = {isa = PBXFileReference; fileEncoding = 4; lastKnownFileType = sourcecode.c.objc; path = APAArtificialIntelligence.m; sourceTree = "<group>"; };
		3834C79C172C83C800BF3395 /* APAChaseAI.h */ = {isa = PBXFileReference; fileEncoding = 4; lastKnownFileType = sourcecode.c.h; path = APAChaseAI.h; sourceTree = "<group>"; };
		3834C79D172C83C800BF3395 /* APAChaseAI.m */ = {isa = PBXFileReference; fileEncoding = 4; lastKnownFileType = sourcecode.c.objc; path = APAChaseAI.m; sourceTree = "<group>"; };
		3834C79E172C83C800BF3395 /* APASpawnAI.h */ = {isa = PBXFileReference; fileEncoding = 4; lastKnownFileType = sourcecode.c.h; path = APASpawnAI.h; sourceTree = "<group>"; };
		3834C79F172C83C800BF3395 /* APASpawnAI.m */ = {isa = PBXFileReference; fileEncoding = 4; lastKnownFileType = sourcecode.c.objc; path = APASpawnAI.m; sourceTree = "<group>"; };
		3834C7A7172C83E600BF3395 /* APAAdventureScene.h */ = {isa = PBXFileReference; fileEncoding = 4; lastKnownFileType = sourcecode.c.h; path = APAAdventureScene.h; sourceTree = "<group>"; };
		3834C7A8172C83E600BF3395 /* APAAdventureScene.m */ = {isa = PBXFileReference; fileEncoding = 4; lastKnownFileType = sourcecode.c.objc; lineEnding = 0; path = APAAdventureScene.m; sourceTree = "<group>"; xcLanguageSpecificationIdentifier = xcode.lang.objc; };
		3834C7A9172C83E600BF3395 /* APAMultiplayerLayeredCharacterScene.h */ = {isa = PBXFileReference; fileEncoding = 4; lastKnownFileType = sourcecode.c.h; lineEnding = 0; path = APAMultiplayerLayeredCharacterScene.h; sourceTree = "<group>"; xcLanguageSpecificationIdentifier = xcode.lang.objcpp; };
		3834C7AA172C83E600BF3395 /* APAMultiplayerLayeredCharacterScene.m */ = {isa = PBXFileReference; fileEncoding = 4; lastKnownFileType = sourcecode.c.objc; lineEnding = 0; path = APAMultiplayerLayeredCharacterScene.m; sourceTree = "<group>"; xcLanguageSpecificationIdentifier = xcode.lang.objc; };
		3834C7AB172C83E600BF3395 /* APAPlayer.h */ = {isa = PBXFileReference; fileEncoding = 4; lastKnownFileType = sourcecode.c.h; path = APAPlayer.h; sourceTree = "<group>"; };
		3834C7AC172C83E600BF3395 /* APAPlayer.m */ = {isa = PBXFileReference; fileEncoding = 4; lastKnownFileType = sourcecode.c.objc; path = APAPlayer.m; sourceTree = "<group>"; };
		3834C7B4172C840800BF3395 /* APAArcher.h */ = {isa = PBXFileReference; fileEncoding = 4; lastKnownFileType = sourcecode.c.h; path = APAArcher.h; sourceTree = "<group>"; };
		3834C7B5172C840800BF3395 /* APAArcher.m */ = {isa = PBXFileReference; fileEncoding = 4; lastKnownFileType = sourcecode.c.objc; path = APAArcher.m; sourceTree = "<group>"; };
		3834C7B6172C840800BF3395 /* APABoss.h */ = {isa = PBXFileReference; fileEncoding = 4; lastKnownFileType = sourcecode.c.h; path = APABoss.h; sourceTree = "<group>"; };
		3834C7B7172C840800BF3395 /* APABoss.m */ = {isa = PBXFileReference; fileEncoding = 4; lastKnownFileType = sourcecode.c.objc; lineEnding = 0; path = APABoss.m; sourceTree = "<group>"; xcLanguageSpecificationIdentifier = xcode.lang.objc; };
		3834C7B8172C840800BF3395 /* APACave.h */ = {isa = PBXFileReference; fileEncoding = 4; lastKnownFileType = sourcecode.c.h; path = APACave.h; sourceTree = "<group>"; };
		3834C7B9172C840800BF3395 /* APACave.m */ = {isa = PBXFileReference; fileEncoding = 4; lastKnownFileType = sourcecode.c.objc; path = APACave.m; sourceTree = "<group>"; };
		3834C7BA172C840800BF3395 /* APACharacter.h */ = {isa = PBXFileReference; fileEncoding = 4; lastKnownFileType = sourcecode.c.h; lineEnding = 0; path = APACharacter.h; sourceTree = "<group>"; xcLanguageSpecificationIdentifier = xcode.lang.objcpp; };
		3834C7BB172C840800BF3395 /* APACharacter.m */ = {isa = PBXFileReference; fileEncoding = 4; lastKnownFileType = sourcecode.c.objc; lineEnding = 0; path = APACharacter.m; sourceTree = "<group>"; xcLanguageSpecificationIdentifier = xcode.lang.objc; };
		3834C7BC172C840800BF3395 /* APAEnemyCharacter.h */ = {isa = PBXFileReference; fileEncoding = 4; lastKnownFileType = sourcecode.c.h; path = APAEnemyCharacter.h; sourceTree = "<group>"; };
		3834C7BD172C840800BF3395 /* APAEnemyCharacter.m */ = {isa = PBXFileReference; fileEncoding = 4; lastKnownFileType = sourcecode.c.objc; path = APAEnemyCharacter.m; sourceTree = "<group>"; };
		3834C7BE172C840800BF3395 /* APAGoblin.h */ = {isa = PBXFileReference; fileEncoding = 4; lastKnownFileType = sourcecode.c.h; path = APAGoblin.h; sourceTree = "<group>"; };
		3834C7BF172C840800BF3395 /* APAGoblin.m */ = {isa = PBXFileReference; fileEncoding = 4; lastKnownFileType = sourcecode.c.objc; lineEnding = 0; path = APAGoblin.m; sourceTree = "<group>"; xcLanguageSpecificationIdentifier = xcode.lang.objc; };
		3834C7C0172C840800BF3395 /* APAHeroCharacter.h */ = {isa = PBXFileReference; fileEncoding = 4; lastKnownFileType = sourcecode.c.h; path = APAHeroCharacter.h; sourceTree = "<group>"; };
		3834C7C1172C840800BF3395 /* APAHeroCharacter.m */ = {isa = PBXFileReference; fileEncoding = 4; lastKnownFileType = sourcecode.c.objc; lineEnding = 0; path = APAHeroCharacter.m; sourceTree = "<group>"; xcLanguageSpecificationIdentifier = xcode.lang.objc; };
		3834C7C2172C840800BF3395 /* APAParallaxSprite.h */ = {isa = PBXFileReference; fileEncoding = 4; lastKnownFileType = sourcecode.c.h; path = APAParallaxSprite.h; sourceTree = "<group>"; };
		3834C7C3172C840800BF3395 /* APAParallaxSprite.m */ = {isa = PBXFileReference; fileEncoding = 4; lastKnownFileType = sourcecode.c.objc; path = APAParallaxSprite.m; sourceTree = "<group>"; };
		3834C7C4172C840800BF3395 /* APATree.h */ = {isa = PBXFileReference; fileEncoding = 4; lastKnownFileType = sourcecode.c.h; path = APATree.h; sourceTree = "<group>"; };
		3834C7C5172C840800BF3395 /* APATree.m */ = {isa = PBXFileReference; fileEncoding = 4; lastKnownFileType = sourcecode.c.objc; path = APATree.m; sourceTree = "<group>"; };
		3834C7C6172C840800BF3395 /* APAWarrior.h */ = {isa = PBXFileReference; fileEncoding = 4; lastKnownFileType = sourcecode.c.h; path = APAWarrior.h; sourceTree = "<group>"; };
		3834C7C7172C840800BF3395 /* APAWarrior.m */ = {isa = PBXFileReference; fileEncoding = 4; lastKnownFileType = sourcecode.c.objc; path = APAWarrior.m; sourceTree = "<group>"; };
		3834C7DD172C843200BF3395 /* APAGraphicsUtilities.h */ = {isa = PBXFileReference; fileEncoding = 4; lastKnownFileType = sourcecode.c.h; path = APAGraphicsUtilities.h; sourceTree = "<group>"; };
		3834C7DE172C843200BF3395 /* APAGraphicsUtilities.m */ = {isa = PBXFileReference; fileEncoding = 4; lastKnownFileType = sourcecode.c.objc; path = APAGraphicsUtilities.m; sourceTree = "<group>"; };
		3834C7E1172C844200BF3395 /* GameController.framework */ = {isa = PBXFileReference; lastKnownFileType = wrapper.framework; name = GameController.framework; path = Platforms/iPhoneOS.platform/Developer/SDKs/iPhoneOS7.0.sdk/System/Library/Frameworks/GameController.framework; sourceTree = DEVELOPER_DIR; };
		3834C7E3172C844F00BF3395 /* GameController.framework */ = {isa = PBXFileReference; lastKnownFileType = wrapper.framework; name = GameController.framework; path = System/Library/Frameworks/GameController.framework; sourceTree = SDKROOT; };
		3834C7E7172C855700BF3395 /* APAAppDelegateIOS.h */ = {isa = PBXFileReference; fileEncoding = 4; lastKnownFileType = sourcecode.c.h; path = APAAppDelegateIOS.h; sourceTree = "<group>"; };
		3834C7E8172C855700BF3395 /* APAAppDelegateIOS.m */ = {isa = PBXFileReference; fileEncoding = 4; lastKnownFileType = sourcecode.c.objc; path = APAAppDelegateIOS.m; sourceTree = "<group>"; };
		383F57D617497C7000FCBBAD /* Archer_Attack.atlas */ = {isa = PBXFileReference; lastKnownFileType = folder.skatlas; path = Archer_Attack.atlas; sourceTree = "<group>"; };
		383F57D717497C7000FCBBAD /* Archer_Death.atlas */ = {isa = PBXFileReference; lastKnownFileType = folder.skatlas; path = Archer_Death.atlas; sourceTree = "<group>"; };
		383F57D817497C7000FCBBAD /* Archer_GetHit.atlas */ = {isa = PBXFileReference; lastKnownFileType = folder.skatlas; path = Archer_GetHit.atlas; sourceTree = "<group>"; };
		383F57D917497C7000FCBBAD /* Archer_Idle.atlas */ = {isa = PBXFileReference; lastKnownFileType = folder.skatlas; path = Archer_Idle.atlas; sourceTree = "<group>"; };
		383F57DA17497C7000FCBBAD /* Archer_Walk.atlas */ = {isa = PBXFileReference; lastKnownFileType = folder.skatlas; path = Archer_Walk.atlas; sourceTree = "<group>"; };
		383F57DC17497C7000FCBBAD /* Boss_Attack.atlas */ = {isa = PBXFileReference; lastKnownFileType = folder.skatlas; path = Boss_Attack.atlas; sourceTree = "<group>"; };
		383F57DD17497C7000FCBBAD /* Boss_Death.atlas */ = {isa = PBXFileReference; lastKnownFileType = folder.skatlas; path = Boss_Death.atlas; sourceTree = "<group>"; };
		383F57DE17497C7000FCBBAD /* Boss_GetHit.atlas */ = {isa = PBXFileReference; lastKnownFileType = folder.skatlas; path = Boss_GetHit.atlas; sourceTree = "<group>"; };
		383F57DF17497C7000FCBBAD /* Boss_Idle.atlas */ = {isa = PBXFileReference; lastKnownFileType = folder.skatlas; path = Boss_Idle.atlas; sourceTree = "<group>"; };
		383F57E017497C7000FCBBAD /* Boss_Walk.atlas */ = {isa = PBXFileReference; lastKnownFileType = folder.skatlas; path = Boss_Walk.atlas; sourceTree = "<group>"; };
		383F57E217497C7000FCBBAD /* Goblin_Attack.atlas */ = {isa = PBXFileReference; lastKnownFileType = folder.skatlas; path = Goblin_Attack.atlas; sourceTree = "<group>"; };
		383F57E317497C7000FCBBAD /* Goblin_Death.atlas */ = {isa = PBXFileReference; lastKnownFileType = folder.skatlas; path = Goblin_Death.atlas; sourceTree = "<group>"; };
		383F57E417497C7000FCBBAD /* Goblin_GetHit.atlas */ = {isa = PBXFileReference; lastKnownFileType = folder.skatlas; path = Goblin_GetHit.atlas; sourceTree = "<group>"; };
		383F57E517497C7000FCBBAD /* Goblin_Idle.atlas */ = {isa = PBXFileReference; lastKnownFileType = folder.skatlas; path = Goblin_Idle.atlas; sourceTree = "<group>"; };
		383F57E617497C7000FCBBAD /* Goblin_Walk.atlas */ = {isa = PBXFileReference; lastKnownFileType = folder.skatlas; path = Goblin_Walk.atlas; sourceTree = "<group>"; };
		383F57E817497C7000FCBBAD /* Warrior_Attack.atlas */ = {isa = PBXFileReference; lastKnownFileType = folder.skatlas; path = Warrior_Attack.atlas; sourceTree = "<group>"; };
		383F57E917497C7000FCBBAD /* Warrior_Death.atlas */ = {isa = PBXFileReference; lastKnownFileType = folder.skatlas; path = Warrior_Death.atlas; sourceTree = "<group>"; };
		383F57EA17497C7000FCBBAD /* Warrior_GetHit.atlas */ = {isa = PBXFileReference; lastKnownFileType = folder.skatlas; path = Warrior_GetHit.atlas; sourceTree = "<group>"; };
		383F57EB17497C7000FCBBAD /* Warrior_Idle.atlas */ = {isa = PBXFileReference; lastKnownFileType = folder.skatlas; path = Warrior_Idle.atlas; sourceTree = "<group>"; };
		383F57EC17497C7000FCBBAD /* Warrior_Walk.atlas */ = {isa = PBXFileReference; lastKnownFileType = folder.skatlas; path = Warrior_Walk.atlas; sourceTree = "<group>"; };
		38432196172C91F5002FC613 /* button_archer.png */ = {isa = PBXFileReference; lastKnownFileType = image.png; path = button_archer.png; sourceTree = "<group>"; };
		38432197172C91F5002FC613 /* button_warrior.png */ = {isa = PBXFileReference; lastKnownFileType = image.png; path = button_warrior.png; sourceTree = "<group>"; };
		38432198172C91F5002FC613 /* iconWarrior_blue.png */ = {isa = PBXFileReference; lastKnownFileType = image.png; path = iconWarrior_blue.png; sourceTree = "<group>"; };
		38432199172C91F5002FC613 /* iconWarrior_green.png */ = {isa = PBXFileReference; lastKnownFileType = image.png; path = iconWarrior_green.png; sourceTree = "<group>"; };
		3843219A172C91F5002FC613 /* iconWarrior_pink.png */ = {isa = PBXFileReference; lastKnownFileType = image.png; path = iconWarrior_pink.png; sourceTree = "<group>"; };
		3843219B172C91F5002FC613 /* iconWarrior_red.png */ = {isa = PBXFileReference; lastKnownFileType = image.png; path = iconWarrior_red.png; sourceTree = "<group>"; };
		3843219C172C91F5002FC613 /* lives.png */ = {isa = PBXFileReference; lastKnownFileType = image.png; path = lives.png; sourceTree = "<group>"; };
		3843219D172C91F5002FC613 /* logo.png */ = {isa = PBXFileReference; lastKnownFileType = image.png; path = logo.png; sourceTree = "<group>"; };
		384321BC172C9422002FC613 /* APAViewController.h */ = {isa = PBXFileReference; fileEncoding = 4; lastKnownFileType = sourcecode.c.h; path = APAViewController.h; sourceTree = "<group>"; };
		384321BD172C9422002FC613 /* APAViewController.m */ = {isa = PBXFileReference; fileEncoding = 4; lastKnownFileType = sourcecode.c.objc; path = APAViewController.m; sourceTree = "<group>"; };
		385CDF4A172C87FE0044AC51 /* Adventure.entitlements */ = {isa = PBXFileReference; lastKnownFileType = text.xml; path = Adventure.entitlements; sourceTree = "<group>"; };
		385CDF5F172C8A470044AC51 /* ArcherProjectile.sks */ = {isa = PBXFileReference; lastKnownFileType = file.bplist; path = ArcherProjectile.sks; sourceTree = "<group>"; };
		385CDF60172C8A470044AC51 /* CaveDamage.sks */ = {isa = PBXFileReference; lastKnownFileType = file.bplist; path = CaveDamage.sks; sourceTree = "<group>"; };
		385CDF61172C8A470044AC51 /* CaveDeathSmoke.sks */ = {isa = PBXFileReference; lastKnownFileType = file.bplist; path = CaveDeathSmoke.sks; sourceTree = "<group>"; };
		385CDF62172C8A470044AC51 /* CaveFireSmoke.sks */ = {isa = PBXFileReference; lastKnownFileType = file.bplist; path = CaveFireSmoke.sks; sourceTree = "<group>"; };
		385CDF63172C8A470044AC51 /* Damage.sks */ = {isa = PBXFileReference; lastKnownFileType = file.bplist; path = Damage.sks; sourceTree = "<group>"; };
		385CDF64172C8A470044AC51 /* Death.sks */ = {isa = PBXFileReference; lastKnownFileType = file.bplist; path = Death.sks; sourceTree = "<group>"; };
		385CDF65172C8A470044AC51 /* CaveFire.sks */ = {isa = PBXFileReference; lastKnownFileType = file.bplist; path = CaveFire.sks; sourceTree = "<group>"; };
		385CDF66172C8A470044AC51 /* Leaves_01.sks */ = {isa = PBXFileReference; lastKnownFileType = file.bplist; path = Leaves_01.sks; sourceTree = "<group>"; };
		385CDF67172C8A470044AC51 /* Leaves_02.sks */ = {isa = PBXFileReference; lastKnownFileType = file.bplist; path = Leaves_02.sks; sourceTree = "<group>"; };
		385CDF68172C8A470044AC51 /* ProjectileSplat.sks */ = {isa = PBXFileReference; lastKnownFileType = file.bplist; path = ProjectileSplat.sks; sourceTree = "<group>"; };
		385CDF69172C8A470044AC51 /* Spawn.sks */ = {isa = PBXFileReference; lastKnownFileType = file.bplist; path = Spawn.sks; sourceTree = "<group>"; };
		385CDF6A172C8A470044AC51 /* WarriorProjectile.sks */ = {isa = PBXFileReference; lastKnownFileType = file.bplist; path = WarriorProjectile.sks; sourceTree = "<group>"; };
		385CDF86172C8AC40044AC51 /* leaf_00.png */ = {isa = PBXFileReference; lastKnownFileType = image.png; path = leaf_00.png; sourceTree = "<group>"; };
		385CDF87172C8AC40044AC51 /* leaf_02.png */ = {isa = PBXFileReference; lastKnownFileType = image.png; path = leaf_02.png; sourceTree = "<group>"; };
		3865171B17482253000789C9 /* Environment.atlas */ = {isa = PBXFileReference; lastKnownFileType = folder.skatlas; path = Environment.atlas; sourceTree = "<group>"; };
		3865171E1748242B000789C9 /* Tiles.atlas */ = {isa = PBXFileReference; lastKnownFileType = folder.skatlas; path = Tiles.atlas; sourceTree = "<group>"; };
		38730321172C8F2B000C76A8 /* BossDamage.sks */ = {isa = PBXFileReference; lastKnownFileType = file.sks; path = BossDamage.sks; sourceTree = "<group>"; };
		38730337172C9024000C76A8 /* map_level.png */ = {isa = PBXFileReference; lastKnownFileType = image.png; path = map_level.png; sourceTree = "<group>"; };
		38730338172C9024000C76A8 /* map_trees.png */ = {isa = PBXFileReference; lastKnownFileType = image.png; path = map_trees.png; sourceTree = "<group>"; };
		38750F0C175EEFD600D673AE /* UIKit.framework */ = {isa = PBXFileReference; lastKnownFileType = wrapper.framework; name = UIKit.framework; path = Platforms/iPhoneOS.platform/Developer/SDKs/iPhoneOS7.0.sdk/System/Library/Frameworks/UIKit.framework; sourceTree = DEVELOPER_DIR; };
		38750F0E175EEFE600D673AE /* CoreGraphics.framework */ = {isa = PBXFileReference; lastKnownFileType = wrapper.framework; name = CoreGraphics.framework; path = Platforms/iPhoneOS.platform/Developer/SDKs/iPhoneOS7.0.sdk/System/Library/Frameworks/CoreGraphics.framework; sourceTree = DEVELOPER_DIR; };
		387FBF52172C829F0072E10A /* Adventure.app */ = {isa = PBXFileReference; explicitFileType = wrapper.application; includeInIndex = 0; path = Adventure.app; sourceTree = BUILT_PRODUCTS_DIR; };
		387FBF55172C829F0072E10A /* Cocoa.framework */ = {isa = PBXFileReference; lastKnownFileType = wrapper.framework; name = Cocoa.framework; path = System/Library/Frameworks/Cocoa.framework; sourceTree = SDKROOT; };
		387FBF57172C829F0072E10A /* SpriteKit.framework */ = {isa = PBXFileReference; lastKnownFileType = wrapper.framework; name = SpriteKit.framework; path = System/Library/Frameworks/SpriteKit.framework; sourceTree = SDKROOT; };
		387FBF5A172C829F0072E10A /* AppKit.framework */ = {isa = PBXFileReference; lastKnownFileType = wrapper.framework; name = AppKit.framework; path = System/Library/Frameworks/AppKit.framework; sourceTree = SDKROOT; };
		387FBF5B172C829F0072E10A /* CoreData.framework */ = {isa = PBXFileReference; lastKnownFileType = wrapper.framework; name = CoreData.framework; path = System/Library/Frameworks/CoreData.framework; sourceTree = SDKROOT; };
		387FBF5C172C829F0072E10A /* Foundation.framework */ = {isa = PBXFileReference; lastKnownFileType = wrapper.framework; name = Foundation.framework; path = System/Library/Frameworks/Foundation.framework; sourceTree = SDKROOT; };
		387FBF5F172C829F0072E10A /* Adventure-Info.plist */ = {isa = PBXFileReference; lastKnownFileType = text.plist.xml; path = "Adventure-Info.plist"; sourceTree = "<group>"; };
		387FBF61172C829F0072E10A /* en */ = {isa = PBXFileReference; lastKnownFileType = text.plist.strings; name = en; path = en.lproj/InfoPlist.strings; sourceTree = "<group>"; };
		387FBF63172C829F0072E10A /* main.m */ = {isa = PBXFileReference; lastKnownFileType = sourcecode.c.objc; path = main.m; sourceTree = "<group>"; };
		387FBF65172C829F0072E10A /* Adventure-Prefix.pch */ = {isa = PBXFileReference; lastKnownFileType = sourcecode.c.h; path = "Adventure-Prefix.pch"; sourceTree = "<group>"; };
		387FBF69172C829F0072E10A /* MainMenu.xib */ = {isa = PBXFileReference; lastKnownFileType = file.xib; path = MainMenu.xib; sourceTree = "<group>"; };
		387FBF6E172C829F0072E10A /* APAAppDelegateOSX.m */ = {isa = PBXFileReference; lastKnownFileType = sourcecode.c.objc; path = APAAppDelegateOSX.m; sourceTree = "<group>"; };
		387FBF70172C829F0072E10A /* APAAppDelegateOSX.h */ = {isa = PBXFileReference; lastKnownFileType = sourcecode.c.h; path = APAAppDelegateOSX.h; sourceTree = "<group>"; };
		387FBF7C172C82FF0072E10A /* Adventure.app */ = {isa = PBXFileReference; explicitFileType = wrapper.application; includeInIndex = 0; path = Adventure.app; sourceTree = BUILT_PRODUCTS_DIR; };
		387FBF86172C82FF0072E10A /* Adventure iOS-Info.plist */ = {isa = PBXFileReference; lastKnownFileType = text.plist.xml; path = "Adventure iOS-Info.plist"; sourceTree = "<group>"; };
		387FBF88172C82FF0072E10A /* en */ = {isa = PBXFileReference; lastKnownFileType = text.plist.strings; name = en; path = en.lproj/InfoPlist.strings; sourceTree = "<group>"; };
		387FBF8A172C82FF0072E10A /* main.m */ = {isa = PBXFileReference; lastKnownFileType = sourcecode.c.objc; path = main.m; sourceTree = "<group>"; };
		387FBF8C172C82FF0072E10A /* Adventure iOS-Prefix.pch */ = {isa = PBXFileReference; lastKnownFileType = sourcecode.c.h; path = "Adventure iOS-Prefix.pch"; sourceTree = "<group>"; };
		387FBF90172C82FF0072E10A /* Default-Portrait~ipad.png */ = {isa = PBXFileReference; lastKnownFileType = image.png; path = "Default-Portrait~ipad.png"; sourceTree = "<group>"; };
		387FBF92172C82FF0072E10A /* Default-Portrait@2x~ipad.png */ = {isa = PBXFileReference; lastKnownFileType = image.png; path = "Default-Portrait@2x~ipad.png"; sourceTree = "<group>"; };
		387FBF94172C82FF0072E10A /* Default-Landscape~ipad.png */ = {isa = PBXFileReference; lastKnownFileType = image.png; path = "Default-Landscape~ipad.png"; sourceTree = "<group>"; };
		387FBF96172C82FF0072E10A /* Default-Landscape@2x~ipad.png */ = {isa = PBXFileReference; lastKnownFileType = image.png; path = "Default-Landscape@2x~ipad.png"; sourceTree = "<group>"; };
		3882BED6172C9A24004FCC6C /* magicmissile.caf */ = {isa = PBXFileReference; lastKnownFileType = file; path = magicmissile.caf; sourceTree = "<group>"; };
		38C4937717CA97D700A83578 /* Assets - OS X.xcassets */ = {isa = PBXFileReference; lastKnownFileType = folder.assetcatalog; path = "Assets - OS X.xcassets"; sourceTree = "<group>"; };
		38C4937917CA998A00A83578 /* Assets - iOS.xcassets */ = {isa = PBXFileReference; lastKnownFileType = folder.assetcatalog; path = "Assets - iOS.xcassets"; sourceTree = "<group>"; };
/* End PBXFileReference section */

/* Begin PBXFrameworksBuildPhase section */
		387FBF4F172C829F0072E10A /* Frameworks */ = {
			isa = PBXFrameworksBuildPhase;
			buildActionMask = 2147483647;
			files = (
				3834C7E4172C844F00BF3395 /* GameController.framework in Frameworks */,
				387FBF58172C829F0072E10A /* SpriteKit.framework in Frameworks */,
				387FBF56172C829F0072E10A /* Cocoa.framework in Frameworks */,
			);
			runOnlyForDeploymentPostprocessing = 0;
		};
		387FBF79172C82FF0072E10A /* Frameworks */ = {
			isa = PBXFrameworksBuildPhase;
			buildActionMask = 2147483647;
			files = (
				38750F0F175EEFE600D673AE /* CoreGraphics.framework in Frameworks */,
				38750F0D175EEFD600D673AE /* UIKit.framework in Frameworks */,
				3834C7E2172C844200BF3395 /* GameController.framework in Frameworks */,
				387FBF83172C82FF0072E10A /* SpriteKit.framework in Frameworks */,
			);
			runOnlyForDeploymentPostprocessing = 0;
		};
/* End PBXFrameworksBuildPhase section */

/* Begin PBXGroup section */
		3834C798172C839800BF3395 /* Adventure - Shared */ = {
			isa = PBXGroup;
			children = (
				3834C7A6172C83CE00BF3395 /* Scene */,
				3834C7B3172C83EB00BF3395 /* Sprites */,
				3834C799172C83AF00BF3395 /* AI */,
				3834C7DC172C841300BF3395 /* Utilities */,
			);
			name = "Adventure - Shared";
			path = "Adventure Shared";
			sourceTree = "<group>";
		};
		3834C799172C83AF00BF3395 /* AI */ = {
			isa = PBXGroup;
			children = (
				3834C79A172C83C800BF3395 /* APAArtificialIntelligence.h */,
				3834C79B172C83C800BF3395 /* APAArtificialIntelligence.m */,
				3834C79C172C83C800BF3395 /* APAChaseAI.h */,
				3834C79D172C83C800BF3395 /* APAChaseAI.m */,
				3834C79E172C83C800BF3395 /* APASpawnAI.h */,
				3834C79F172C83C800BF3395 /* APASpawnAI.m */,
			);
			path = AI;
			sourceTree = "<group>";
		};
		3834C7A6172C83CE00BF3395 /* Scene */ = {
			isa = PBXGroup;
			children = (
				3834C7A9172C83E600BF3395 /* APAMultiplayerLayeredCharacterScene.h */,
				3834C7AA172C83E600BF3395 /* APAMultiplayerLayeredCharacterScene.m */,
				3834C7AB172C83E600BF3395 /* APAPlayer.h */,
				3834C7AC172C83E600BF3395 /* APAPlayer.m */,
				3834C7A7172C83E600BF3395 /* APAAdventureScene.h */,
				3834C7A8172C83E600BF3395 /* APAAdventureScene.m */,
			);
			path = Scene;
			sourceTree = "<group>";
		};
		3834C7B3172C83EB00BF3395 /* Sprites */ = {
			isa = PBXGroup;
			children = (
				3834C7C2172C840800BF3395 /* APAParallaxSprite.h */,
				3834C7C3172C840800BF3395 /* APAParallaxSprite.m */,
				3834C7C4172C840800BF3395 /* APATree.h */,
				3834C7C5172C840800BF3395 /* APATree.m */,
				3834C7BA172C840800BF3395 /* APACharacter.h */,
				3834C7BB172C840800BF3395 /* APACharacter.m */,
				3834C7C0172C840800BF3395 /* APAHeroCharacter.h */,
				3834C7C1172C840800BF3395 /* APAHeroCharacter.m */,
				3834C7C6172C840800BF3395 /* APAWarrior.h */,
				3834C7C7172C840800BF3395 /* APAWarrior.m */,
				3834C7B4172C840800BF3395 /* APAArcher.h */,
				3834C7B5172C840800BF3395 /* APAArcher.m */,
				3834C7BC172C840800BF3395 /* APAEnemyCharacter.h */,
				3834C7BD172C840800BF3395 /* APAEnemyCharacter.m */,
				3834C7BE172C840800BF3395 /* APAGoblin.h */,
				3834C7BF172C840800BF3395 /* APAGoblin.m */,
				3834C7B8172C840800BF3395 /* APACave.h */,
				3834C7B9172C840800BF3395 /* APACave.m */,
				3834C7B6172C840800BF3395 /* APABoss.h */,
				3834C7B7172C840800BF3395 /* APABoss.m */,
			);
			path = Sprites;
			sourceTree = "<group>";
		};
		3834C7DC172C841300BF3395 /* Utilities */ = {
			isa = PBXGroup;
			children = (
				3834C7DD172C843200BF3395 /* APAGraphicsUtilities.h */,
				3834C7DE172C843200BF3395 /* APAGraphicsUtilities.m */,
			);
			path = Utilities;
			sourceTree = "<group>";
		};
		383F57D517497C7000FCBBAD /* Archer */ = {
			isa = PBXGroup;
			children = (
				383F57D617497C7000FCBBAD /* Archer_Attack.atlas */,
				383F57D717497C7000FCBBAD /* Archer_Death.atlas */,
				383F57D817497C7000FCBBAD /* Archer_GetHit.atlas */,
				383F57D917497C7000FCBBAD /* Archer_Idle.atlas */,
				383F57DA17497C7000FCBBAD /* Archer_Walk.atlas */,
			);
			path = Archer;
			sourceTree = "<group>";
		};
		383F57DB17497C7000FCBBAD /* Boss */ = {
			isa = PBXGroup;
			children = (
				383F57DC17497C7000FCBBAD /* Boss_Attack.atlas */,
				383F57DD17497C7000FCBBAD /* Boss_Death.atlas */,
				383F57DE17497C7000FCBBAD /* Boss_GetHit.atlas */,
				383F57DF17497C7000FCBBAD /* Boss_Idle.atlas */,
				383F57E017497C7000FCBBAD /* Boss_Walk.atlas */,
			);
			path = Boss;
			sourceTree = "<group>";
		};
		383F57E117497C7000FCBBAD /* Goblin */ = {
			isa = PBXGroup;
			children = (
				383F57E217497C7000FCBBAD /* Goblin_Attack.atlas */,
				383F57E317497C7000FCBBAD /* Goblin_Death.atlas */,
				383F57E417497C7000FCBBAD /* Goblin_GetHit.atlas */,
				383F57E517497C7000FCBBAD /* Goblin_Idle.atlas */,
				383F57E617497C7000FCBBAD /* Goblin_Walk.atlas */,
			);
			path = Goblin;
			sourceTree = "<group>";
		};
		383F57E717497C7000FCBBAD /* Warrior */ = {
			isa = PBXGroup;
			children = (
				383F57E817497C7000FCBBAD /* Warrior_Attack.atlas */,
				383F57E917497C7000FCBBAD /* Warrior_Death.atlas */,
				383F57EA17497C7000FCBBAD /* Warrior_GetHit.atlas */,
				383F57EB17497C7000FCBBAD /* Warrior_Idle.atlas */,
				383F57EC17497C7000FCBBAD /* Warrior_Walk.atlas */,
			);
			path = Warrior;
			sourceTree = "<group>";
		};
		38432067172C9079002FC613 /* Texture Atlases */ = {
			isa = PBXGroup;
			children = (
				383F57D517497C7000FCBBAD /* Archer */,
				383F57DB17497C7000FCBBAD /* Boss */,
				383F57E117497C7000FCBBAD /* Goblin */,
				383F57E717497C7000FCBBAD /* Warrior */,
				3865171B17482253000789C9 /* Environment.atlas */,
				3865171E1748242B000789C9 /* Tiles.atlas */,
			);
			path = "Texture Atlases";
			sourceTree = "<group>";
		};
		38432194172C91AF002FC613 /* UI */ = {
			isa = PBXGroup;
			children = (
				3818043C175A7E3100D4A0CB /* Default.png */,
				3818043D175A7E3100D4A0CB /* Default@2x.png */,
				3818043E175A7E3100D4A0CB /* Default-568h@2x.png */,
				38432196172C91F5002FC613 /* button_archer.png */,
				38432197172C91F5002FC613 /* button_warrior.png */,
				38432198172C91F5002FC613 /* iconWarrior_blue.png */,
				38432199172C91F5002FC613 /* iconWarrior_green.png */,
				3843219A172C91F5002FC613 /* iconWarrior_pink.png */,
				3843219B172C91F5002FC613 /* iconWarrior_red.png */,
				3843219C172C91F5002FC613 /* lives.png */,
				3843219D172C91F5002FC613 /* logo.png */,
				38C4937717CA97D700A83578 /* Assets - OS X.xcassets */,
				38C4937917CA998A00A83578 /* Assets - iOS.xcassets */,
			);
			path = UI;
			sourceTree = "<group>";
		};
		385CD347172C87130044AC51 /* Assets */ = {
			isa = PBXGroup;
			children = (
				3882BED5172C99E5004FCC6C /* Sounds */,
				38432194172C91AF002FC613 /* UI */,
				38432067172C9079002FC613 /* Texture Atlases */,
				385CD348172C873F0044AC51 /* Environment */,
				385CDF5E172C88B20044AC51 /* Particles */,
			);
			path = Assets;
			sourceTree = "<group>";
		};
		385CD348172C873F0044AC51 /* Environment */ = {
			isa = PBXGroup;
			children = (
				38730337172C9024000C76A8 /* map_level.png */,
				38730338172C9024000C76A8 /* map_trees.png */,
			);
			path = Environment;
			sourceTree = "<group>";
		};
		385CDF5E172C88B20044AC51 /* Particles */ = {
			isa = PBXGroup;
			children = (
				385CDF5F172C8A470044AC51 /* ArcherProjectile.sks */,
				38730321172C8F2B000C76A8 /* BossDamage.sks */,
				385CDF60172C8A470044AC51 /* CaveDamage.sks */,
				385CDF61172C8A470044AC51 /* CaveDeathSmoke.sks */,
				385CDF62172C8A470044AC51 /* CaveFireSmoke.sks */,
				385CDF63172C8A470044AC51 /* Damage.sks */,
				385CDF64172C8A470044AC51 /* Death.sks */,
				385CDF65172C8A470044AC51 /* CaveFire.sks */,
				385CDF66172C8A470044AC51 /* Leaves_01.sks */,
				385CDF67172C8A470044AC51 /* Leaves_02.sks */,
				385CDF68172C8A470044AC51 /* ProjectileSplat.sks */,
				385CDF69172C8A470044AC51 /* Spawn.sks */,
				385CDF6A172C8A470044AC51 /* WarriorProjectile.sks */,
				3822FB3D172C8EAC00503F19 /* hardCircle.png */,
				385CDF86172C8AC40044AC51 /* leaf_00.png */,
				385CDF87172C8AC40044AC51 /* leaf_02.png */,
				3822FB40172C8EB700503F19 /* spark.png */,
				3822FB41172C8EB700503F19 /* star.png */,
			);
			path = Particles;
			sourceTree = "<group>";
		};
		387FBF49172C829F0072E10A = {
			isa = PBXGroup;
			children = (
				2853BC80176516F1007702FB /* ReadMe.txt */,
				3834C798172C839800BF3395 /* Adventure - Shared */,
				387FBF5D172C829F0072E10A /* Adventure - OS X */,
				387FBF84172C82FF0072E10A /* Adventure - iOS */,
				385CD347172C87130044AC51 /* Assets */,
				387FBF54172C829F0072E10A /* Frameworks */,
				387FBF53172C829F0072E10A /* Products */,
			);
			sourceTree = "<group>";
		};
		387FBF53172C829F0072E10A /* Products */ = {
			isa = PBXGroup;
			children = (
				387FBF52172C829F0072E10A /* Adventure.app */,
				387FBF7C172C82FF0072E10A /* Adventure.app */,
			);
			name = Products;
			sourceTree = "<group>";
		};
		387FBF54172C829F0072E10A /* Frameworks */ = {
			isa = PBXGroup;
			children = (
				38750F0E175EEFE600D673AE /* CoreGraphics.framework */,
				38750F0C175EEFD600D673AE /* UIKit.framework */,
				3834C7E3172C844F00BF3395 /* GameController.framework */,
				3834C7E1172C844200BF3395 /* GameController.framework */,
				387FBF55172C829F0072E10A /* Cocoa.framework */,
				387FBF57172C829F0072E10A /* SpriteKit.framework */,
				387FBF59172C829F0072E10A /* Other Frameworks */,
			);
			name = Frameworks;
			sourceTree = "<group>";
		};
		387FBF59172C829F0072E10A /* Other Frameworks */ = {
			isa = PBXGroup;
			children = (
				387FBF5A172C829F0072E10A /* AppKit.framework */,
				387FBF5B172C829F0072E10A /* CoreData.framework */,
				387FBF5C172C829F0072E10A /* Foundation.framework */,
			);
			name = "Other Frameworks";
			sourceTree = "<group>";
		};
		387FBF5D172C829F0072E10A /* Adventure - OS X */ = {
			isa = PBXGroup;
			children = (
				385CDF4A172C87FE0044AC51 /* Adventure.entitlements */,
				387FBF69172C829F0072E10A /* MainMenu.xib */,
				387FBF70172C829F0072E10A /* APAAppDelegateOSX.h */,
				387FBF6E172C829F0072E10A /* APAAppDelegateOSX.m */,
				387FBF5E172C829F0072E10A /* Supporting Files */,
			);
			name = "Adventure - OS X";
			path = "Adventure OS X";
			sourceTree = "<group>";
		};
		387FBF5E172C829F0072E10A /* Supporting Files */ = {
			isa = PBXGroup;
			children = (
				387FBF5F172C829F0072E10A /* Adventure-Info.plist */,
				387FBF60172C829F0072E10A /* InfoPlist.strings */,
				387FBF63172C829F0072E10A /* main.m */,
				387FBF65172C829F0072E10A /* Adventure-Prefix.pch */,
			);
			name = "Supporting Files";
			sourceTree = "<group>";
		};
		387FBF84172C82FF0072E10A /* Adventure - iOS */ = {
			isa = PBXGroup;
			children = (
				381803F0175A7AD100D4A0CB /* iPhoneStoryboard.storyboard */,
				3834C7E7172C855700BF3395 /* APAAppDelegateIOS.h */,
				3834C7E8172C855700BF3395 /* APAAppDelegateIOS.m */,
				384321BC172C9422002FC613 /* APAViewController.h */,
				384321BD172C9422002FC613 /* APAViewController.m */,
				387FBF85172C82FF0072E10A /* Supporting Files */,
			);
			name = "Adventure - iOS";
			path = "Adventure iOS";
			sourceTree = "<group>";
		};
		387FBF85172C82FF0072E10A /* Supporting Files */ = {
			isa = PBXGroup;
			children = (
				387FBF86172C82FF0072E10A /* Adventure iOS-Info.plist */,
				387FBF87172C82FF0072E10A /* InfoPlist.strings */,
				387FBF8A172C82FF0072E10A /* main.m */,
				387FBF8C172C82FF0072E10A /* Adventure iOS-Prefix.pch */,
				387FBF90172C82FF0072E10A /* Default-Portrait~ipad.png */,
				387FBF92172C82FF0072E10A /* Default-Portrait@2x~ipad.png */,
				387FBF94172C82FF0072E10A /* Default-Landscape~ipad.png */,
				387FBF96172C82FF0072E10A /* Default-Landscape@2x~ipad.png */,
			);
			name = "Supporting Files";
			sourceTree = "<group>";
		};
		3882BED5172C99E5004FCC6C /* Sounds */ = {
			isa = PBXGroup;
			children = (
				3882BED6172C9A24004FCC6C /* magicmissile.caf */,
			);
			path = Sounds;
			sourceTree = "<group>";
		};
/* End PBXGroup section */

/* Begin PBXNativeTarget section */
		387FBF51172C829F0072E10A /* Adventure */ = {
			isa = PBXNativeTarget;
			buildConfigurationList = 387FBF75172C829F0072E10A /* Build configuration list for PBXNativeTarget "Adventure" */;
			buildPhases = (
				387FBF4E172C829F0072E10A /* Sources */,
				387FBF4F172C829F0072E10A /* Frameworks */,
				387FBF50172C829F0072E10A /* Resources */,
			);
			buildRules = (
			);
			dependencies = (
			);
			name = Adventure;
			productName = Adventure;
			productReference = 387FBF52172C829F0072E10A /* Adventure.app */;
			productType = "com.apple.product-type.application";
		};
		387FBF7B172C82FF0072E10A /* Adventure iOS */ = {
			isa = PBXNativeTarget;
			buildConfigurationList = 387FBFA6172C82FF0072E10A /* Build configuration list for PBXNativeTarget "Adventure iOS" */;
			buildPhases = (
				387FBF78172C82FF0072E10A /* Sources */,
				387FBF79172C82FF0072E10A /* Frameworks */,
				387FBF7A172C82FF0072E10A /* Resources */,
			);
			buildRules = (
			);
			dependencies = (
			);
			name = "Adventure iOS";
			productName = "Adventure iOS";
			productReference = 387FBF7C172C82FF0072E10A /* Adventure.app */;
			productType = "com.apple.product-type.application";
		};
/* End PBXNativeTarget section */

/* Begin PBXProject section */
		387FBF4A172C829F0072E10A /* Project object */ = {
			isa = PBXProject;
			attributes = {
				CLASSPREFIX = APA;
				LastUpgradeCheck = 0500;
				ORGANIZATIONNAME = Apple;
				TargetAttributes = {
					387FBF51172C829F0072E10A = {
						SystemCapabilities = {
							com.apple.Sandbox = {
								enabled = 1;
							};
						};
					};
				};
			};
			buildConfigurationList = 387FBF4D172C829F0072E10A /* Build configuration list for PBXProject "Adventure" */;
			compatibilityVersion = "Xcode 3.2";
			developmentRegion = English;
			hasScannedForEncodings = 0;
			knownRegions = (
				en,
			);
			mainGroup = 387FBF49172C829F0072E10A;
			productRefGroup = 387FBF53172C829F0072E10A /* Products */;
			projectDirPath = "";
			projectRoot = "";
			targets = (
				387FBF51172C829F0072E10A /* Adventure */,
				387FBF7B172C82FF0072E10A /* Adventure iOS */,
			);
		};
/* End PBXProject section */

/* Begin PBXResourcesBuildPhase section */
		387FBF50172C829F0072E10A /* Resources */ = {
			isa = PBXResourcesBuildPhase;
			buildActionMask = 2147483647;
			files = (
				38730322172C8F2B000C76A8 /* BossDamage.sks in Resources */,
				383F581317497C7000FCBBAD /* Warrior_Walk.atlas in Resources */,
				385CDF79172C8A470044AC51 /* Leaves_01.sks in Resources */,
				385CDF73172C8A470044AC51 /* Damage.sks in Resources */,
				385CDF75172C8A470044AC51 /* Death.sks in Resources */,
				383F57FD17497C7000FCBBAD /* Boss_Idle.atlas in Resources */,
				385CDF81172C8A470044AC51 /* WarriorProjectile.sks in Resources */,
				384321A4172C91F5002FC613 /* iconWarrior_blue.png in Resources */,
				385CDF7B172C8A470044AC51 /* Leaves_02.sks in Resources */,
				384321A2172C91F5002FC613 /* button_warrior.png in Resources */,
				384321A0172C91F5002FC613 /* button_archer.png in Resources */,
				383F57FB17497C7000FCBBAD /* Boss_GetHit.atlas in Resources */,
				383F580317497C7000FCBBAD /* Goblin_Death.atlas in Resources */,
				383F580B17497C7000FCBBAD /* Warrior_Attack.atlas in Resources */,
				383F580F17497C7000FCBBAD /* Warrior_GetHit.atlas in Resources */,
				383F580717497C7000FCBBAD /* Goblin_Idle.atlas in Resources */,
				387FBF62172C829F0072E10A /* InfoPlist.strings in Resources */,
				385CDF6B172C8A470044AC51 /* ArcherProjectile.sks in Resources */,
				383F580917497C7000FCBBAD /* Goblin_Walk.atlas in Resources */,
				385CDF8A172C8AC40044AC51 /* leaf_02.png in Resources */,
				385CDF7D172C8A470044AC51 /* ProjectileSplat.sks in Resources */,
				3822FB3E172C8EAC00503F19 /* hardCircle.png in Resources */,
				387FBF6A172C829F0072E10A /* MainMenu.xib in Resources */,
				383F57F117497C7000FCBBAD /* Archer_GetHit.atlas in Resources */,
				385CDF77172C8A470044AC51 /* CaveFire.sks in Resources */,
				383F57ED17497C7000FCBBAD /* Archer_Attack.atlas in Resources */,
				383F57F717497C7000FCBBAD /* Boss_Attack.atlas in Resources */,
				383F57F317497C7000FCBBAD /* Archer_Idle.atlas in Resources */,
				385CDF6F172C8A470044AC51 /* CaveDeathSmoke.sks in Resources */,
				383F57FF17497C7000FCBBAD /* Boss_Walk.atlas in Resources */,
				385CDF71172C8A470044AC51 /* CaveFireSmoke.sks in Resources */,
				38C4937817CA97D700A83578 /* Assets - OS X.xcassets in Resources */,
				3882BED7172C9A24004FCC6C /* magicmissile.caf in Resources */,
				385CDF6D172C8A470044AC51 /* CaveDamage.sks in Resources */,
				3822FB44172C8EB700503F19 /* star.png in Resources */,
				383F57F917497C7000FCBBAD /* Boss_Death.atlas in Resources */,
				385CDF88172C8AC40044AC51 /* leaf_00.png in Resources */,
				383F581117497C7000FCBBAD /* Warrior_Idle.atlas in Resources */,
				3822FB42172C8EB700503F19 /* spark.png in Resources */,
				384321A6172C91F5002FC613 /* iconWarrior_green.png in Resources */,
				3873033B172C9024000C76A8 /* map_trees.png in Resources */,
				383F57EF17497C7000FCBBAD /* Archer_Death.atlas in Resources */,
				385CDF7F172C8A470044AC51 /* Spawn.sks in Resources */,
				3865171F1748242B000789C9 /* Tiles.atlas in Resources */,
				38730339172C9024000C76A8 /* map_level.png in Resources */,
				383F57F517497C7000FCBBAD /* Archer_Walk.atlas in Resources */,
				384321A8172C91F5002FC613 /* iconWarrior_pink.png in Resources */,
				383F580117497C7000FCBBAD /* Goblin_Attack.atlas in Resources */,
				384321AA172C91F5002FC613 /* iconWarrior_red.png in Resources */,
				384321AE172C91F5002FC613 /* logo.png in Resources */,
				3865171C17482253000789C9 /* Environment.atlas in Resources */,
				384321AC172C91F5002FC613 /* lives.png in Resources */,
				383F580D17497C7000FCBBAD /* Warrior_Death.atlas in Resources */,
				383F580517497C7000FCBBAD /* Goblin_GetHit.atlas in Resources */,
			);
			runOnlyForDeploymentPostprocessing = 0;
		};
		387FBF7A172C82FF0072E10A /* Resources */ = {
			isa = PBXResourcesBuildPhase;
			buildActionMask = 2147483647;
			files = (
				3865171D17482253000789C9 /* Environment.atlas in Resources */,
				385CDF74172C8A470044AC51 /* Damage.sks in Resources */,
				387FBF97172C82FF0072E10A /* Default-Landscape@2x~ipad.png in Resources */,
				385CDF80172C8A470044AC51 /* Spawn.sks in Resources */,
				3822FB43172C8EB700503F19 /* spark.png in Resources */,
				383F580817497C7000FCBBAD /* Goblin_Idle.atlas in Resources */,
				3822FB3F172C8EAC00503F19 /* hardCircle.png in Resources */,
				387FBF93172C82FF0072E10A /* Default-Portrait@2x~ipad.png in Resources */,
				3822FB45172C8EB700503F19 /* star.png in Resources */,
				385CDF76172C8A470044AC51 /* Death.sks in Resources */,
				385CDF78172C8A470044AC51 /* CaveFire.sks in Resources */,
				38180440175A7E3100D4A0CB /* Default@2x.png in Resources */,
				385CDF70172C8A470044AC51 /* CaveDeathSmoke.sks in Resources */,
				3873033A172C9024000C76A8 /* map_level.png in Resources */,
				385CDF6E172C8A470044AC51 /* CaveDamage.sks in Resources */,
				383F57F417497C7000FCBBAD /* Archer_Idle.atlas in Resources */,
				383F57FC17497C7000FCBBAD /* Boss_GetHit.atlas in Resources */,
				385CDF7A172C8A470044AC51 /* Leaves_01.sks in Resources */,
				383F57F017497C7000FCBBAD /* Archer_Death.atlas in Resources */,
				385CDF7C172C8A470044AC51 /* Leaves_02.sks in Resources */,
				383F580C17497C7000FCBBAD /* Warrior_Attack.atlas in Resources */,
				384321A9172C91F5002FC613 /* iconWarrior_pink.png in Resources */,
				387FBF89172C82FF0072E10A /* InfoPlist.strings in Resources */,
				383F57F617497C7000FCBBAD /* Archer_Walk.atlas in Resources */,
				383F580017497C7000FCBBAD /* Boss_Walk.atlas in Resources */,
				385CDF72172C8A470044AC51 /* CaveFireSmoke.sks in Resources */,
				383F581217497C7000FCBBAD /* Warrior_Idle.atlas in Resources */,
				384321AB172C91F5002FC613 /* iconWarrior_red.png in Resources */,
				387FBF95172C82FF0072E10A /* Default-Landscape~ipad.png in Resources */,
				3882BED8172C9A24004FCC6C /* magicmissile.caf in Resources */,
				385CDF89172C8AC40044AC51 /* leaf_00.png in Resources */,
				383F57FE17497C7000FCBBAD /* Boss_Idle.atlas in Resources */,
				384321A3172C91F5002FC613 /* button_warrior.png in Resources */,
				383F580217497C7000FCBBAD /* Goblin_Attack.atlas in Resources */,
				3818043F175A7E3100D4A0CB /* Default.png in Resources */,
				386517201748242B000789C9 /* Tiles.atlas in Resources */,
				383F581417497C7000FCBBAD /* Warrior_Walk.atlas in Resources */,
				383F57EE17497C7000FCBBAD /* Archer_Attack.atlas in Resources */,
				3873033C172C9024000C76A8 /* map_trees.png in Resources */,
				387FBF91172C82FF0072E10A /* Default-Portrait~ipad.png in Resources */,
				383F580A17497C7000FCBBAD /* Goblin_Walk.atlas in Resources */,
				384321AD172C91F5002FC613 /* lives.png in Resources */,
				38180441175A7E3100D4A0CB /* Default-568h@2x.png in Resources */,
				383F57F817497C7000FCBBAD /* Boss_Attack.atlas in Resources */,
				384321A5172C91F5002FC613 /* iconWarrior_blue.png in Resources */,
				38C4937A17CA998A00A83578 /* Assets - iOS.xcassets in Resources */,
				383F581017497C7000FCBBAD /* Warrior_GetHit.atlas in Resources */,
				381803F1175A7AD100D4A0CB /* iPhoneStoryboard.storyboard in Resources */,
				38730323172C8F2B000C76A8 /* BossDamage.sks in Resources */,
				383F57FA17497C7000FCBBAD /* Boss_Death.atlas in Resources */,
				385CDF6C172C8A470044AC51 /* ArcherProjectile.sks in Resources */,
				385CDF82172C8A470044AC51 /* WarriorProjectile.sks in Resources */,
				383F580417497C7000FCBBAD /* Goblin_Death.atlas in Resources */,
				383F580E17497C7000FCBBAD /* Warrior_Death.atlas in Resources */,
				383F57F217497C7000FCBBAD /* Archer_GetHit.atlas in Resources */,
				384321A7172C91F5002FC613 /* iconWarrior_green.png in Resources */,
				385CDF8B172C8AC40044AC51 /* leaf_02.png in Resources */,
				384321AF172C91F5002FC613 /* logo.png in Resources */,
				383F580617497C7000FCBBAD /* Goblin_GetHit.atlas in Resources */,
				384321A1172C91F5002FC613 /* button_archer.png in Resources */,
				385CDF7E172C8A470044AC51 /* ProjectileSplat.sks in Resources */,
			);
			runOnlyForDeploymentPostprocessing = 0;
		};
/* End PBXResourcesBuildPhase section */

/* Begin PBXSourcesBuildPhase section */
		387FBF4E172C829F0072E10A /* Sources */ = {
			isa = PBXSourcesBuildPhase;
			buildActionMask = 2147483647;
			files = (
				3834C7AF172C83E600BF3395 /* APAMultiplayerLayeredCharacterScene.m in Sources */,
				3834C7AD172C83E600BF3395 /* APAAdventureScene.m in Sources */,
				3834C7CC172C840800BF3395 /* APACave.m in Sources */,
				387FBF64172C829F0072E10A /* main.m in Sources */,
				3834C7DF172C843200BF3395 /* APAGraphicsUtilities.m in Sources */,
				3834C7CE172C840800BF3395 /* APACharacter.m in Sources */,
				3834C7D8172C840800BF3395 /* APATree.m in Sources */,
				3834C7A4172C83C800BF3395 /* APASpawnAI.m in Sources */,
				387FBF6F172C829F0072E10A /* APAAppDelegateOSX.m in Sources */,
				3834C7B1172C83E600BF3395 /* APAPlayer.m in Sources */,
				3834C7DA172C840800BF3395 /* APAWarrior.m in Sources */,
				3834C7A0172C83C800BF3395 /* APAArtificialIntelligence.m in Sources */,
				3834C7A2172C83C800BF3395 /* APAChaseAI.m in Sources */,
				3834C7D4172C840800BF3395 /* APAHeroCharacter.m in Sources */,
				3834C7D0172C840800BF3395 /* APAEnemyCharacter.m in Sources */,
				3834C7D6172C840800BF3395 /* APAParallaxSprite.m in Sources */,
				3834C7C8172C840800BF3395 /* APAArcher.m in Sources */,
				3834C7CA172C840800BF3395 /* APABoss.m in Sources */,
				3834C7D2172C840800BF3395 /* APAGoblin.m in Sources */,
			);
			runOnlyForDeploymentPostprocessing = 0;
		};
		387FBF78172C82FF0072E10A /* Sources */ = {
			isa = PBXSourcesBuildPhase;
			buildActionMask = 2147483647;
			files = (
				3834C7B0172C83E600BF3395 /* APAMultiplayerLayeredCharacterScene.m in Sources */,
				3834C7AE172C83E600BF3395 /* APAAdventureScene.m in Sources */,
				3834C7CD172C840800BF3395 /* APACave.m in Sources */,
				387FBF8B172C82FF0072E10A /* main.m in Sources */,
				3834C7E0172C843200BF3395 /* APAGraphicsUtilities.m in Sources */,
				3834C7CF172C840800BF3395 /* APACharacter.m in Sources */,
				3834C7D9172C840800BF3395 /* APATree.m in Sources */,
				3834C7A5172C83C800BF3395 /* APASpawnAI.m in Sources */,
				3834C7B2172C83E600BF3395 /* APAPlayer.m in Sources */,
				3834C7DB172C840800BF3395 /* APAWarrior.m in Sources */,
				3834C7A1172C83C800BF3395 /* APAArtificialIntelligence.m in Sources */,
				3834C7A3172C83C800BF3395 /* APAChaseAI.m in Sources */,
				3834C7D5172C840800BF3395 /* APAHeroCharacter.m in Sources */,
				3834C7D1172C840800BF3395 /* APAEnemyCharacter.m in Sources */,
				3834C7D7172C840800BF3395 /* APAParallaxSprite.m in Sources */,
				3834C7C9172C840800BF3395 /* APAArcher.m in Sources */,
				3834C7CB172C840800BF3395 /* APABoss.m in Sources */,
				3834C7D3172C840800BF3395 /* APAGoblin.m in Sources */,
				3834C7E9172C855700BF3395 /* APAAppDelegateIOS.m in Sources */,
				384321BE172C9422002FC613 /* APAViewController.m in Sources */,
			);
			runOnlyForDeploymentPostprocessing = 0;
		};
/* End PBXSourcesBuildPhase section */

/* Begin PBXVariantGroup section */
		387FBF60172C829F0072E10A /* InfoPlist.strings */ = {
			isa = PBXVariantGroup;
			children = (
				387FBF61172C829F0072E10A /* en */,
			);
			name = InfoPlist.strings;
			sourceTree = "<group>";
		};
		387FBF87172C82FF0072E10A /* InfoPlist.strings */ = {
			isa = PBXVariantGroup;
			children = (
				387FBF88172C82FF0072E10A /* en */,
			);
			name = InfoPlist.strings;
			sourceTree = "<group>";
		};
/* End PBXVariantGroup section */

/* Begin XCBuildConfiguration section */
		387FBF73172C829F0072E10A /* Debug */ = {
			isa = XCBuildConfiguration;
			buildSettings = {
				ALWAYS_SEARCH_USER_PATHS = NO;
				CLANG_CXX_LANGUAGE_STANDARD = "gnu++0x";
				CLANG_CXX_LIBRARY = "libc++";
				CLANG_ENABLE_MODULES = YES;
				CLANG_WARN_BOOL_CONVERSION = YES;
				CLANG_WARN_CONSTANT_CONVERSION = YES;
				CLANG_WARN_DIRECT_OBJC_ISA_USAGE = YES_ERROR;
				CLANG_WARN_EMPTY_BODY = YES;
				CLANG_WARN_ENUM_CONVERSION = YES;
				CLANG_WARN_INT_CONVERSION = YES;
				CLANG_WARN_OBJC_ROOT_CLASS = YES_ERROR;
				CLANG_WARN__DUPLICATE_METHOD_MATCH = YES;
				COPY_PHASE_STRIP = NO;
				GCC_C_LANGUAGE_STANDARD = gnu99;
				GCC_DYNAMIC_NO_PIC = NO;
				GCC_ENABLE_OBJC_EXCEPTIONS = YES;
				GCC_OPTIMIZATION_LEVEL = 0;
				GCC_PREPROCESSOR_DEFINITIONS = (
					"DEBUG=1",
					"$(inherited)",
				);
				GCC_SYMBOLS_PRIVATE_EXTERN = NO;
				GCC_WARN_64_TO_32_BIT_CONVERSION = YES;
				GCC_WARN_ABOUT_RETURN_TYPE = YES;
				GCC_WARN_UNDECLARED_SELECTOR = YES;
				GCC_WARN_UNINITIALIZED_AUTOS = YES;
				GCC_WARN_UNUSED_VARIABLE = YES;
				ONLY_ACTIVE_ARCH = YES;
				SDKROOT = macosx;
				SPRITEKIT_TEXTURE_ATLAS_OUTPUT = YES;
			};
			name = Debug;
		};
		387FBF74172C829F0072E10A /* Release */ = {
			isa = XCBuildConfiguration;
			buildSettings = {
				ALWAYS_SEARCH_USER_PATHS = NO;
				CLANG_CXX_LANGUAGE_STANDARD = "gnu++0x";
				CLANG_CXX_LIBRARY = "libc++";
				CLANG_ENABLE_MODULES = YES;
				CLANG_WARN_BOOL_CONVERSION = YES;
				CLANG_WARN_CONSTANT_CONVERSION = YES;
				CLANG_WARN_DIRECT_OBJC_ISA_USAGE = YES_ERROR;
				CLANG_WARN_EMPTY_BODY = YES;
				CLANG_WARN_ENUM_CONVERSION = YES;
				CLANG_WARN_INT_CONVERSION = YES;
				CLANG_WARN_OBJC_ROOT_CLASS = YES_ERROR;
				CLANG_WARN__DUPLICATE_METHOD_MATCH = YES;
				COPY_PHASE_STRIP = YES;
				DEBUG_INFORMATION_FORMAT = "dwarf-with-dsym";
				ENABLE_NS_ASSERTIONS = NO;
				GCC_C_LANGUAGE_STANDARD = gnu99;
				GCC_ENABLE_OBJC_EXCEPTIONS = YES;
				GCC_WARN_64_TO_32_BIT_CONVERSION = YES;
				GCC_WARN_ABOUT_RETURN_TYPE = YES;
				GCC_WARN_UNDECLARED_SELECTOR = YES;
				GCC_WARN_UNINITIALIZED_AUTOS = YES;
				GCC_WARN_UNUSED_VARIABLE = YES;
				SDKROOT = macosx;
				SPRITEKIT_TEXTURE_ATLAS_OUTPUT = YES;
			};
			name = Release;
		};
		387FBF76172C829F0072E10A /* Debug */ = {
			isa = XCBuildConfiguration;
			buildSettings = {
				ASSETCATALOG_COMPILER_APPICON_NAME = AppIcon;
				CLANG_ENABLE_OBJC_ARC = YES;
				CODE_SIGN_ENTITLEMENTS = "Adventure OS X/Adventure.entitlements";
				CODE_SIGN_IDENTITY = "Mac Developer";
				COMBINE_HIDPI_IMAGES = YES;
				GCC_PRECOMPILE_PREFIX_HEADER = YES;
				GCC_PREFIX_HEADER = "Adventure OS X/Adventure-Prefix.pch";
				GCC_PREPROCESSOR_DEFINITIONS = (
					"DEBUG=1",
					"$(inherited)",
					"__AVAILABILITY_INTERNAL__MAC_10_9=__attribute__((availability(macosx,introduced=10.8)))",
				);
				INFOPLIST_FILE = "$(SRCROOT)/Adventure OS X/Adventure-Info.plist";
				PRODUCT_NAME = "$(TARGET_NAME)";
				WRAPPER_EXTENSION = app;
			};
			name = Debug;
		};
		387FBF77172C829F0072E10A /* Release */ = {
			isa = XCBuildConfiguration;
			buildSettings = {
				ASSETCATALOG_COMPILER_APPICON_NAME = AppIcon;
				CLANG_ENABLE_OBJC_ARC = YES;
				CODE_SIGN_ENTITLEMENTS = "Adventure OS X/Adventure.entitlements";
				CODE_SIGN_IDENTITY = "Mac Developer";
				COMBINE_HIDPI_IMAGES = YES;
				GCC_PRECOMPILE_PREFIX_HEADER = YES;
				GCC_PREFIX_HEADER = "Adventure OS X/Adventure-Prefix.pch";
				INFOPLIST_FILE = "$(SRCROOT)/Adventure OS X/Adventure-Info.plist";
				PRODUCT_NAME = "$(TARGET_NAME)";
				WRAPPER_EXTENSION = app;
			};
			name = Release;
		};
		387FBFA7172C82FF0072E10A /* Debug */ = {
			isa = XCBuildConfiguration;
			buildSettings = {
				ASSETCATALOG_COMPILER_APPICON_NAME = AppIcon;
				CLANG_ENABLE_MODULES = NO;
				CLANG_ENABLE_OBJC_ARC = YES;
				"CODE_SIGN_IDENTITY[sdk=iphoneos*]" = "iPhone Developer";
				FRAMEWORK_SEARCH_PATHS = (
					"$(inherited)",
					"$(SYSTEM_APPS_DIR)/Xcode.app/Contents/Developer/Library/Frameworks",
				);
				GCC_PRECOMPILE_PREFIX_HEADER = YES;
				GCC_PREFIX_HEADER = "Adventure iOS/Adventure iOS-Prefix.pch";
				GCC_PREPROCESSOR_DEFINITIONS = (
					"DEBUG=1",
					"$(inherited)",
				);
				INFOPLIST_FILE = "Adventure iOS/Adventure iOS-Info.plist";
				IPHONEOS_DEPLOYMENT_TARGET = 7.0;
				PRODUCT_NAME = Adventure;
				SDKROOT = iphoneos;
				TARGETED_DEVICE_FAMILY = 1;
				WRAPPER_EXTENSION = app;
			};
			name = Debug;
		};
		387FBFA8172C82FF0072E10A /* Release */ = {
			isa = XCBuildConfiguration;
			buildSettings = {
				ASSETCATALOG_COMPILER_APPICON_NAME = AppIcon;
				CLANG_ENABLE_MODULES = NO;
				CLANG_ENABLE_OBJC_ARC = YES;
				"CODE_SIGN_IDENTITY[sdk=iphoneos*]" = "iPhone Developer";
				FRAMEWORK_SEARCH_PATHS = (
					"$(inherited)",
					"$(SYSTEM_APPS_DIR)/Xcode.app/Contents/Developer/Library/Frameworks",
				);
				GCC_PRECOMPILE_PREFIX_HEADER = YES;
				GCC_PREFIX_HEADER = "Adventure iOS/Adventure iOS-Prefix.pch";
				INFOPLIST_FILE = "Adventure iOS/Adventure iOS-Info.plist";
				IPHONEOS_DEPLOYMENT_TARGET = 7.0;
				PRODUCT_NAME = Adventure;
				SDKROOT = iphoneos;
				TARGETED_DEVICE_FAMILY = 1;
				VALIDATE_PRODUCT = YES;
				WRAPPER_EXTENSION = app;
			};
			name = Release;
		};
/* End XCBuildConfiguration section */

/* Begin XCConfigurationList section */
		387FBF4D172C829F0072E10A /* Build configuration list for PBXProject "Adventure" */ = {
			isa = XCConfigurationList;
			buildConfigurations = (
				387FBF73172C829F0072E10A /* Debug */,
				387FBF74172C829F0072E10A /* Release */,
			);
			defaultConfigurationIsVisible = 0;
			defaultConfigurationName = Release;
		};
		387FBF75172C829F0072E10A /* Build configuration list for PBXNativeTarget "Adventure" */ = {
			isa = XCConfigurationList;
			buildConfigurations = (
				387FBF76172C829F0072E10A /* Debug */,
				387FBF77172C829F0072E10A /* Release */,
			);
			defaultConfigurationIsVisible = 0;
			defaultConfigurationName = Release;
		};
		387FBFA6172C82FF0072E10A /* Build configuration list for PBXNativeTarget "Adventure iOS" */ = {
			isa = XCConfigurationList;
			buildConfigurations = (
				387FBFA7172C82FF0072E10A /* Debug */,
				387FBFA8172C82FF0072E10A /* Release */,
			);
			defaultConfigurationIsVisible = 0;
			defaultConfigurationName = Release;
		};
/* End XCConfigurationList section */
	};
	rootObject = 387FBF4A172C829F0072E10A /* Project object */;
}
