// !$*UTF8*$!
{
	archiveVersion = 1;
	classes = {
	};
	objectVersion = 46;
	objects = {

/* Begin PBXBuildFile section */
		04CE08511B62AF0100BC3628 /* LaunchScreen.xib in Resources */ = {isa = PBXBuildFile; fileRef = 04CE084D1B62AF0100BC3628 /* LaunchScreen.xib */; };
		04CE08521B62AF0100BC3628 /* Main.storyboard in Resources */ = {isa = PBXBuildFile; fileRef = 04CE084F1B62AF0100BC3628 /* Main.storyboard */; };
		53AF6F9C1B615A4A00079F8D /* AppDelegate.m in Sources */ = {isa = PBXBuildFile; fileRef = 53AF6F9B1B615A4A00079F8D /* AppDelegate.m */; };
		53AF6F9F1B615A4A00079F8D /* RootViewController.m in Sources */ = {isa = PBXBuildFile; fileRef = 53AF6F9E1B615A4A00079F8D /* RootViewController.m */; };
		53AF6FA21B615A4A00079F8D /* DataViewController.m in Sources */ = {isa = PBXBuildFile; fileRef = 53AF6FA11B615A4A00079F8D /* DataViewController.m */; };
		53AF6FA51B615A4A00079F8D /* ModelController.m in Sources */ = {isa = PBXBuildFile; fileRef = 53AF6FA41B615A4A00079F8D /* ModelController.m */; };
		53AF6FAA1B615A4A00079F8D /* Images.xcassets in Resources */ = {isa = PBXBuildFile; fileRef = 53AF6FA91B615A4A00079F8D /* Images.xcassets */; };
		53AF6FC31B615AEF00079F8D /* main.m in Sources */ = {isa = PBXBuildFile; fileRef = 53AF6FC21B615AEF00079F8D /* main.m */; };
		53AF6FC61B61632B00079F8D /* iAd.framework in Frameworks */ = {isa = PBXBuildFile; fileRef = 53AF6FC51B61632B00079F8D /* iAd.framework */; };
/* End PBXBuildFile section */

/* Begin PBXFileReference section */
		04CE084E1B62AF0100BC3628 /* Base */ = {isa = PBXFileReference; lastKnownFileType = file.xib; name = Base; path = Base.lproj/LaunchScreen.xib; sourceTree = "<group>"; };
		04CE08501B62AF0100BC3628 /* Base */ = {isa = PBXFileReference; lastKnownFileType = file.storyboard; name = Base; path = Base.lproj/Main.storyboard; sourceTree = "<group>"; };
		53AF6F931B615A4A00079F8D /* AdMagazine.app */ = {isa = PBXFileReference; explicitFileType = wrapper.application; includeInIndex = 0; path = AdMagazine.app; sourceTree = BUILT_PRODUCTS_DIR; };
		53AF6F9A1B615A4A00079F8D /* AppDelegate.h */ = {isa = PBXFileReference; lastKnownFileType = sourcecode.c.h; path = AppDelegate.h; sourceTree = "<group>"; };
		53AF6F9B1B615A4A00079F8D /* AppDelegate.m */ = {isa = PBXFileReference; lastKnownFileType = sourcecode.c.objc; path = AppDelegate.m; sourceTree = "<group>"; };
		53AF6F9D1B615A4A00079F8D /* RootViewController.h */ = {isa = PBXFileReference; lastKnownFileType = sourcecode.c.h; path = RootViewController.h; sourceTree = "<group>"; };
		53AF6F9E1B615A4A00079F8D /* RootViewController.m */ = {isa = PBXFileReference; lastKnownFileType = sourcecode.c.objc; path = RootViewController.m; sourceTree = "<group>"; };
		53AF6FA01B615A4A00079F8D /* DataViewController.h */ = {isa = PBXFileReference; lastKnownFileType = sourcecode.c.h; path = DataViewController.h; sourceTree = "<group>"; };
		53AF6FA11B615A4A00079F8D /* DataViewController.m */ = {isa = PBXFileReference; lastKnownFileType = sourcecode.c.objc; path = DataViewController.m; sourceTree = "<group>"; };
		53AF6FA31B615A4A00079F8D /* ModelController.h */ = {isa = PBXFileReference; lastKnownFileType = sourcecode.c.h; path = ModelController.h; sourceTree = "<group>"; };
		53AF6FA41B615A4A00079F8D /* ModelController.m */ = {isa = PBXFileReference; lastKnownFileType = sourcecode.c.objc; path = ModelController.m; sourceTree = "<group>"; };
		53AF6FA91B615A4A00079F8D /* Images.xcassets */ = {isa = PBXFileReference; lastKnownFileType = folder.assetcatalog; path = Images.xcassets; sourceTree = "<group>"; };
		53AF6FC21B615AEF00079F8D /* main.m */ = {isa = PBXFileReference; fileEncoding = 4; lastKnownFileType = sourcecode.c.objc; path = main.m; sourceTree = "<group>"; };
		53AF6FC41B615B1A00079F8D /* Info.plist */ = {isa = PBXFileReference; lastKnownFileType = text.plist.xml; path = Info.plist; sourceTree = "<group>"; };
		53AF6FC51B61632B00079F8D /* iAd.framework */ = {isa = PBXFileReference; lastKnownFileType = wrapper.framework; name = iAd.framework; path = System/Library/Frameworks/iAd.framework; sourceTree = SDKROOT; };
/* End PBXFileReference section */

/* Begin PBXFrameworksBuildPhase section */
		53AF6F901B615A4A00079F8D /* Frameworks */ = {
			isa = PBXFrameworksBuildPhase;
			buildActionMask = 2147483647;
			files = (
				53AF6FC61B61632B00079F8D /* iAd.framework in Frameworks */,
			);
			runOnlyForDeploymentPostprocessing = 0;
		};
/* End PBXFrameworksBuildPhase section */

/* Begin PBXGroup section */
		53AF6F8A1B615A4A00079F8D = {
			isa = PBXGroup;
			children = (
				53AF6F951B615A4A00079F8D /* AdMagazine */,
				53AF6F941B615A4A00079F8D /* Products */,
			);
			sourceTree = "<group>";
		};
		53AF6F941B615A4A00079F8D /* Products */ = {
			isa = PBXGroup;
			children = (
				53AF6F931B615A4A00079F8D /* AdMagazine.app */,
			);
			name = Products;
			sourceTree = "<group>";
		};
		53AF6F951B615A4A00079F8D /* AdMagazine */ = {
			isa = PBXGroup;
			children = (
				53AF6F9A1B615A4A00079F8D /* AppDelegate.h */,
				53AF6F9B1B615A4A00079F8D /* AppDelegate.m */,
				53AF6F9D1B615A4A00079F8D /* RootViewController.h */,
				53AF6F9E1B615A4A00079F8D /* RootViewController.m */,
				53AF6FA01B615A4A00079F8D /* DataViewController.h */,
				53AF6FA11B615A4A00079F8D /* DataViewController.m */,
				53AF6FA31B615A4A00079F8D /* ModelController.h */,
				53AF6FA41B615A4A00079F8D /* ModelController.m */,
				53AF6FC71B61634000079F8D /* Resources */,
			);
			path = AdMagazine;
			sourceTree = "<group>";
		};
		53AF6FC71B61634000079F8D /* Resources */ = {
			isa = PBXGroup;
			children = (
				53AF6FC21B615AEF00079F8D /* main.m */,
				53AF6FA91B615A4A00079F8D /* Images.xcassets */,
				04CE084D1B62AF0100BC3628 /* LaunchScreen.xib */,
				04CE084F1B62AF0100BC3628 /* Main.storyboard */,
				53AF6FC41B615B1A00079F8D /* Info.plist */,
				53AF6FC51B61632B00079F8D /* iAd.framework */,
			);
			name = Resources;
			sourceTree = "<group>";
		};
/* End PBXGroup section */

/* Begin PBXNativeTarget section */
		53AF6F921B615A4A00079F8D /* AdMagazine */ = {
			isa = PBXNativeTarget;
			buildConfigurationList = 53AF6FBC1B615A4A00079F8D /* Build configuration list for PBXNativeTarget "AdMagazine" */;
			buildPhases = (
				53AF6F8F1B615A4A00079F8D /* Sources */,
				53AF6F901B615A4A00079F8D /* Frameworks */,
				53AF6F911B615A4A00079F8D /* Resources */,
			);
			buildRules = (
			);
			dependencies = (
			);
			name = AdMagazine;
			productName = AdMagazine;
			productReference = 53AF6F931B615A4A00079F8D /* AdMagazine.app */;
			productType = "com.apple.product-type.application";
		};
/* End PBXNativeTarget section */

/* Begin PBXProject section */
		53AF6F8B1B615A4A00079F8D /* Project object */ = {
			isa = PBXProject;
			attributes = {
				LastUpgradeCheck = 0640;
				ORGANIZATIONNAME = "";
				TargetAttributes = {
					53AF6F921B615A4A00079F8D = {
						CreatedOnToolsVersion = 6.4;
					};
				};
			};
			buildConfigurationList = 53AF6F8E1B615A4A00079F8D /* Build configuration list for PBXProject "ADMagazine" */;
			compatibilityVersion = "Xcode 3.2";
			developmentRegion = English;
			hasScannedForEncodings = 0;
			knownRegions = (
				en,
				Base,
			);
			mainGroup = 53AF6F8A1B615A4A00079F8D;
			productRefGroup = 53AF6F941B615A4A00079F8D /* Products */;
			projectDirPath = "";
			projectRoot = "";
			targets = (
				53AF6F921B615A4A00079F8D /* AdMagazine */,
			);
		};
/* End PBXProject section */

/* Begin PBXResourcesBuildPhase section */
		53AF6F911B615A4A00079F8D /* Resources */ = {
			isa = PBXResourcesBuildPhase;
			buildActionMask = 2147483647;
			files = (
				04CE08521B62AF0100BC3628 /* Main.storyboard in Resources */,
				04CE08511B62AF0100BC3628 /* LaunchScreen.xib in Resources */,
				53AF6FAA1B615A4A00079F8D /* Images.xcassets in Resources */,
			);
			runOnlyForDeploymentPostprocessing = 0;
		};
/* End PBXResourcesBuildPhase section */

/* Begin PBXSourcesBuildPhase section */
		53AF6F8F1B615A4A00079F8D /* Sources */ = {
			isa = PBXSourcesBuildPhase;
			buildActionMask = 2147483647;
			files = (
				53AF6FC31B615AEF00079F8D /* main.m in Sources */,
				53AF6FA21B615A4A00079F8D /* DataViewController.m in Sources */,
				53AF6F9C1B615A4A00079F8D /* AppDelegate.m in Sources */,
				53AF6FA51B615A4A00079F8D /* ModelController.m in Sources */,
				53AF6F9F1B615A4A00079F8D /* RootViewController.m in Sources */,
			);
			runOnlyForDeploymentPostprocessing = 0;
		};
/* End PBXSourcesBuildPhase section */

/* Begin PBXVariantGroup section */
		04CE084D1B62AF0100BC3628 /* LaunchScreen.xib */ = {
			isa = PBXVariantGroup;
			children = (
				04CE084E1B62AF0100BC3628 /* Base */,
			);
			name = LaunchScreen.xib;
			sourceTree = "<group>";
		};
		04CE084F1B62AF0100BC3628 /* Main.storyboard */ = {
			isa = PBXVariantGroup;
			children = (
				04CE08501B62AF0100BC3628 /* Base */,
			);
			name = Main.storyboard;
			sourceTree = "<group>";
		};
/* End PBXVariantGroup section */

/* Begin XCBuildConfiguration section */
		53AF6FBA1B615A4A00079F8D /* Debug */ = {
			isa = XCBuildConfiguration;
			buildSettings = {
				ALWAYS_SEARCH_USER_PATHS = NO;
				CLANG_CXX_LANGUAGE_STANDARD = "gnu++0x";
				CLANG_CXX_LIBRARY = "libc++";
				CLANG_ENABLE_MODULES = YES;
				CLANG_ENABLE_OBJC_ARC = YES;
				CLANG_WARN_BOOL_CONVERSION = YES;
				CLANG_WARN_CONSTANT_CONVERSION = YES;
				CLANG_WARN_DIRECT_OBJC_ISA_USAGE = YES_ERROR;
				CLANG_WARN_EMPTY_BODY = YES;
				CLANG_WARN_ENUM_CONVERSION = YES;
				CLANG_WARN_INT_CONVERSION = YES;
				CLANG_WARN_OBJC_ROOT_CLASS = YES_ERROR;
				CLANG_WARN_UNREACHABLE_CODE = YES;
				CLANG_WARN__DUPLICATE_METHOD_MATCH = YES;
				"CODE_SIGN_IDENTITY[sdk=iphoneos*]" = "iPhone Developer";
				COPY_PHASE_STRIP = NO;
				DEBUG_INFORMATION_FORMAT = "dwarf-with-dsym";
				ENABLE_STRICT_OBJC_MSGSEND = YES;
				GCC_C_LANGUAGE_STANDARD = gnu99;
				GCC_DYNAMIC_NO_PIC = NO;
				GCC_NO_COMMON_BLOCKS = YES;
				GCC_OPTIMIZATION_LEVEL = 0;
				GCC_PREPROCESSOR_DEFINITIONS = (
					"DEBUG=1",
					"$(inherited)",
				);
				GCC_SYMBOLS_PRIVATE_EXTERN = NO;
				GCC_WARN_64_TO_32_BIT_CONVERSION = YES;
				GCC_WARN_ABOUT_MISSING_FIELD_INITIALIZERS = YES;
				GCC_WARN_ABOUT_RETURN_TYPE = YES_ERROR;
				GCC_WARN_INITIALIZER_NOT_FULLY_BRACKETED = YES;
				GCC_WARN_SHADOW = YES;
				GCC_WARN_SIGN_COMPARE = YES;
				GCC_WARN_UNDECLARED_SELECTOR = YES;
				GCC_WARN_UNINITIALIZED_AUTOS = YES_AGGRESSIVE;
				GCC_WARN_UNUSED_FUNCTION = YES;
				GCC_WARN_UNUSED_LABEL = YES;
				GCC_WARN_UNUSED_VARIABLE = YES;
				IPHONEOS_DEPLOYMENT_TARGET = 8.0;
				MTL_ENABLE_DEBUG_INFO = YES;
				ONLY_ACTIVE_ARCH = YES;
				SDKROOT = iphoneos;
				TARGETED_DEVICE_FAMILY = 2;
			};
			name = Debug;
		};
		53AF6FBB1B615A4A00079F8D /* Release */ = {
			isa = XCBuildConfiguration;
			buildSettings = {
				ALWAYS_SEARCH_USER_PATHS = NO;
				CLANG_CXX_LANGUAGE_STANDARD = "gnu++0x";
				CLANG_CXX_LIBRARY = "libc++";
				CLANG_ENABLE_MODULES = YES;
				CLANG_ENABLE_OBJC_ARC = YES;
				CLANG_WARN_BOOL_CONVERSION = YES;
				CLANG_WARN_CONSTANT_CONVERSION = YES;
				CLANG_WARN_DIRECT_OBJC_ISA_USAGE = YES_ERROR;
				CLANG_WARN_EMPTY_BODY = YES;
				CLANG_WARN_ENUM_CONVERSION = YES;
				CLANG_WARN_INT_CONVERSION = YES;
				CLANG_WARN_OBJC_ROOT_CLASS = YES_ERROR;
				CLANG_WARN_UNREACHABLE_CODE = YES;
				CLANG_WARN__DUPLICATE_METHOD_MATCH = YES;
				"CODE_SIGN_IDENTITY[sdk=iphoneos*]" = "iPhone Developer";
				COPY_PHASE_STRIP = NO;
				DEBUG_INFORMATION_FORMAT = "dwarf-with-dsym";
				ENABLE_NS_ASSERTIONS = NO;
				ENABLE_STRICT_OBJC_MSGSEND = YES;
				GCC_C_LANGUAGE_STANDARD = gnu99;
				GCC_NO_COMMON_BLOCKS = YES;
				GCC_WARN_64_TO_32_BIT_CONVERSION = YES;
				GCC_WARN_ABOUT_MISSING_FIELD_INITIALIZERS = YES;
				GCC_WARN_ABOUT_RETURN_TYPE = YES_ERROR;
				GCC_WARN_INITIALIZER_NOT_FULLY_BRACKETED = YES;
				GCC_WARN_SHADOW = YES;
				GCC_WARN_SIGN_COMPARE = YES;
				GCC_WARN_UNDECLARED_SELECTOR = YES;
				GCC_WARN_UNINITIALIZED_AUTOS = YES_AGGRESSIVE;
				GCC_WARN_UNUSED_FUNCTION = YES;
				GCC_WARN_UNUSED_LABEL = YES;
				GCC_WARN_UNUSED_VARIABLE = YES;
				IPHONEOS_DEPLOYMENT_TARGET = 8.0;
				MTL_ENABLE_DEBUG_INFO = NO;
				SDKROOT = iphoneos;
				TARGETED_DEVICE_FAMILY = 2;
				VALIDATE_PRODUCT = YES;
			};
			name = Release;
		};
		53AF6FBD1B615A4A00079F8D /* Debug */ = {
			isa = XCBuildConfiguration;
			buildSettings = {
				ASSETCATALOG_COMPILER_APPICON_NAME = AppIcon;
				ASSETCATALOG_COMPILER_LAUNCHIMAGE_NAME = LaunchImage;
				GCC_WARN_SHADOW = YES;
				GCC_WARN_SIGN_COMPARE = YES;
				INFOPLIST_FILE = "$(SRCROOT)/AdMagazine/Info.plist";
				LD_RUNPATH_SEARCH_PATHS = "$(inherited) @executable_path/Frameworks";
				PRODUCT_NAME = "$(TARGET_NAME)";
			};
			name = Debug;
		};
		53AF6FBE1B615A4A00079F8D /* Release */ = {
			isa = XCBuildConfiguration;
			buildSettings = {
				ASSETCATALOG_COMPILER_APPICON_NAME = AppIcon;
				ASSETCATALOG_COMPILER_LAUNCHIMAGE_NAME = LaunchImage;
				GCC_WARN_SHADOW = YES;
				GCC_WARN_SIGN_COMPARE = YES;
				INFOPLIST_FILE = "$(SRCROOT)/AdMagazine/Info.plist";
				LD_RUNPATH_SEARCH_PATHS = "$(inherited) @executable_path/Frameworks";
				PRODUCT_NAME = "$(TARGET_NAME)";
			};
			name = Release;
		};
/* End XCBuildConfiguration section */

/* Begin XCConfigurationList section */
		53AF6F8E1B615A4A00079F8D /* Build configuration list for PBXProject "ADMagazine" */ = {
			isa = XCConfigurationList;
			buildConfigurations = (
				53AF6FBA1B615A4A00079F8D /* Debug */,
				53AF6FBB1B615A4A00079F8D /* Release */,
			);
			defaultConfigurationIsVisible = 0;
			defaultConfigurationName = Release;
		};
		53AF6FBC1B615A4A00079F8D /* Build configuration list for PBXNativeTarget "AdMagazine" */ = {
			isa = XCConfigurationList;
			buildConfigurations = (
				53AF6FBD1B615A4A00079F8D /* Debug */,
				53AF6FBE1B615A4A00079F8D /* Release */,
			);
			defaultConfigurationIsVisible = 0;
			defaultConfigurationName = Release;
		};
/* End XCConfigurationList section */
	};
	rootObject = 53AF6F8B1B615A4A00079F8D /* Project object */;
}
